// !$*UTF8*$!
{
	archiveVersion = 1;
	classes = {
	};
	objectVersion = 46;
	objects = {

/* Begin PBXBuildFile section */
		5B024CAA148FA6B300ED3B6D /* UIKit.framework in Frameworks */ = {isa = PBXBuildFile; fileRef = 5B024CA9148FA6B300ED3B6D /* UIKit.framework */; };
		5B024CAC148FA6B300ED3B6D /* Foundation.framework in Frameworks */ = {isa = PBXBuildFile; fileRef = 5B024CAB148FA6B300ED3B6D /* Foundation.framework */; };
		5B024CAE148FA6B300ED3B6D /* CoreGraphics.framework in Frameworks */ = {isa = PBXBuildFile; fileRef = 5B024CAD148FA6B300ED3B6D /* CoreGraphics.framework */; };
		5B024CB4148FA6B300ED3B6D /* InfoPlist.strings in Resources */ = {isa = PBXBuildFile; fileRef = 5B024CB2148FA6B300ED3B6D /* InfoPlist.strings */; };
		5B024CB6148FA6B300ED3B6D /* main.m in Sources */ = {isa = PBXBuildFile; fileRef = 5B024CB5148FA6B300ED3B6D /* main.m */; };
		5B024CBA148FA6B300ED3B6D /* AppDelegate.m in Sources */ = {isa = PBXBuildFile; fileRef = 5B024CB9148FA6B300ED3B6D /* AppDelegate.m */; };
		5B024CBD148FA6B300ED3B6D /* MainStoryboard_iPhone.storyboard in Resources */ = {isa = PBXBuildFile; fileRef = 5B024CBB148FA6B300ED3B6D /* MainStoryboard_iPhone.storyboard */; };
		5B024CC0148FA6B300ED3B6D /* MainStoryboard_iPad.storyboard in Resources */ = {isa = PBXBuildFile; fileRef = 5B024CBE148FA6B300ED3B6D /* MainStoryboard_iPad.storyboard */; };
		5B024CC3148FA6B300ED3B6D /* ViewController.m in Sources */ = {isa = PBXBuildFile; fileRef = 5B024CC2148FA6B300ED3B6D /* ViewController.m */; };
		5B024CCB148FA6F100ED3B6D /* CommunicationBase.m in Sources */ = {isa = PBXBuildFile; fileRef = 5B024CCA148FA6F100ED3B6D /* CommunicationBase.m */; };
		5B024CCF148FAC7600ED3B6D /* SKDevice.m in Sources */ = {isa = PBXBuildFile; fileRef = 5B024CCE148FAC7600ED3B6D /* SKDevice.m */; };
		5B024CD2148FB02700ED3B6D /* AuthenticationDataContainer.m in Sources */ = {isa = PBXBuildFile; fileRef = 5B024CD1148FB02700ED3B6D /* AuthenticationDataContainer.m */; };
		5B024CD7148FB54200ED3B6D /* XMLSKDeviceParser.m in Sources */ = {isa = PBXBuildFile; fileRef = 5B024CD6148FB54200ED3B6D /* XMLSKDeviceParser.m */; };
		5B024CE1148FC1DA00ED3B6D /* SKDeviceDataReceiver.m in Sources */ = {isa = PBXBuildFile; fileRef = 5B024CE0148FC1DA00ED3B6D /* SKDeviceDataReceiver.m */; };
		5B2C42C714938F660020A2CD /* EntityStore.m in Sources */ = {isa = PBXBuildFile; fileRef = 5B2C42C614938F660020A2CD /* EntityStore.m */; };
		5B2C42CE149390710020A2CD /* SKEntity.m in Sources */ = {isa = PBXBuildFile; fileRef = 5B2C42CD149390710020A2CD /* SKEntity.m */; };
		5B639CA614964A1B002D7F8F /* Tab_ComingUp.png in Resources */ = {isa = PBXBuildFile; fileRef = 5B639CA014964A1B002D7F8F /* Tab_ComingUp.png */; };
		5B639CA714964A1B002D7F8F /* Tab_ComingUp@2x.png in Resources */ = {isa = PBXBuildFile; fileRef = 5B639CA114964A1B002D7F8F /* Tab_ComingUp@2x.png */; };
		5B639CA814964A1B002D7F8F /* Tab_DataSources.png in Resources */ = {isa = PBXBuildFile; fileRef = 5B639CA214964A1B002D7F8F /* Tab_DataSources.png */; };
		5B639CA914964A1B002D7F8F /* Tab_DataSources@2x.png in Resources */ = {isa = PBXBuildFile; fileRef = 5B639CA314964A1B002D7F8F /* Tab_DataSources@2x.png */; };
		5B639CAA14964A1B002D7F8F /* Tab_Devices.png in Resources */ = {isa = PBXBuildFile; fileRef = 5B639CA414964A1B002D7F8F /* Tab_Devices.png */; };
		5B639CAB14964A1B002D7F8F /* Tab_Devices@2x.png in Resources */ = {isa = PBXBuildFile; fileRef = 5B639CA514964A1B002D7F8F /* Tab_Devices@2x.png */; };
		5B639CB214964E2A002D7F8F /* DeviceListViewController.m in Sources */ = {isa = PBXBuildFile; fileRef = 5B639CB114964E2A002D7F8F /* DeviceListViewController.m */; };
		5BA69E5F149B43DA00D663BA /* SKDeviceGroup.m in Sources */ = {isa = PBXBuildFile; fileRef = 5BA69E5E149B43DA00D663BA /* SKDeviceGroup.m */; };
/* End PBXBuildFile section */

/* Begin PBXFileReference section */
		5B024CA5148FA6B300ED3B6D /* SK Codebase.app */ = {isa = PBXFileReference; explicitFileType = wrapper.application; includeInIndex = 0; path = "SK Codebase.app"; sourceTree = BUILT_PRODUCTS_DIR; };
		5B024CA9148FA6B300ED3B6D /* UIKit.framework */ = {isa = PBXFileReference; lastKnownFileType = wrapper.framework; name = UIKit.framework; path = System/Library/Frameworks/UIKit.framework; sourceTree = SDKROOT; };
		5B024CAB148FA6B300ED3B6D /* Foundation.framework */ = {isa = PBXFileReference; lastKnownFileType = wrapper.framework; name = Foundation.framework; path = System/Library/Frameworks/Foundation.framework; sourceTree = SDKROOT; };
		5B024CAD148FA6B300ED3B6D /* CoreGraphics.framework */ = {isa = PBXFileReference; lastKnownFileType = wrapper.framework; name = CoreGraphics.framework; path = System/Library/Frameworks/CoreGraphics.framework; sourceTree = SDKROOT; };
		5B024CB1148FA6B300ED3B6D /* SK Codebase-Info.plist */ = {isa = PBXFileReference; lastKnownFileType = text.plist.xml; path = "SK Codebase-Info.plist"; sourceTree = "<group>"; };
		5B024CB3148FA6B300ED3B6D /* en */ = {isa = PBXFileReference; lastKnownFileType = text.plist.strings; name = en; path = en.lproj/InfoPlist.strings; sourceTree = "<group>"; };
		5B024CB5148FA6B300ED3B6D /* main.m */ = {isa = PBXFileReference; lastKnownFileType = sourcecode.c.objc; path = main.m; sourceTree = "<group>"; };
		5B024CB7148FA6B300ED3B6D /* SK Codebase-Prefix.pch */ = {isa = PBXFileReference; lastKnownFileType = sourcecode.c.h; path = "SK Codebase-Prefix.pch"; sourceTree = "<group>"; };
		5B024CB8148FA6B300ED3B6D /* AppDelegate.h */ = {isa = PBXFileReference; lastKnownFileType = sourcecode.c.h; path = AppDelegate.h; sourceTree = "<group>"; };
		5B024CB9148FA6B300ED3B6D /* AppDelegate.m */ = {isa = PBXFileReference; lastKnownFileType = sourcecode.c.objc; path = AppDelegate.m; sourceTree = "<group>"; };
		5B024CBC148FA6B300ED3B6D /* en */ = {isa = PBXFileReference; lastKnownFileType = file.storyboard; name = en; path = en.lproj/MainStoryboard_iPhone.storyboard; sourceTree = "<group>"; };
		5B024CBF148FA6B300ED3B6D /* en */ = {isa = PBXFileReference; lastKnownFileType = file.storyboard; name = en; path = en.lproj/MainStoryboard_iPad.storyboard; sourceTree = "<group>"; };
		5B024CC1148FA6B300ED3B6D /* ViewController.h */ = {isa = PBXFileReference; lastKnownFileType = sourcecode.c.h; path = ViewController.h; sourceTree = "<group>"; };
		5B024CC2148FA6B300ED3B6D /* ViewController.m */ = {isa = PBXFileReference; lastKnownFileType = sourcecode.c.objc; path = ViewController.m; sourceTree = "<group>"; };
		5B024CC9148FA6F100ED3B6D /* CommunicationBase.h */ = {isa = PBXFileReference; fileEncoding = 4; lastKnownFileType = sourcecode.c.h; path = CommunicationBase.h; sourceTree = "<group>"; };
		5B024CCA148FA6F100ED3B6D /* CommunicationBase.m */ = {isa = PBXFileReference; fileEncoding = 4; lastKnownFileType = sourcecode.c.objc; path = CommunicationBase.m; sourceTree = "<group>"; };
		5B024CCD148FAC7600ED3B6D /* SKDevice.h */ = {isa = PBXFileReference; fileEncoding = 4; lastKnownFileType = sourcecode.c.h; path = SKDevice.h; sourceTree = "<group>"; };
		5B024CCE148FAC7600ED3B6D /* SKDevice.m */ = {isa = PBXFileReference; fileEncoding = 4; lastKnownFileType = sourcecode.c.objc; path = SKDevice.m; sourceTree = "<group>"; };
		5B024CD0148FB02700ED3B6D /* AuthenticationDataContainer.h */ = {isa = PBXFileReference; fileEncoding = 4; lastKnownFileType = sourcecode.c.h; path = AuthenticationDataContainer.h; sourceTree = "<group>"; };
		5B024CD1148FB02700ED3B6D /* AuthenticationDataContainer.m */ = {isa = PBXFileReference; fileEncoding = 4; lastKnownFileType = sourcecode.c.objc; path = AuthenticationDataContainer.m; sourceTree = "<group>"; };
		5B024CD5148FB54200ED3B6D /* XMLSKDeviceParser.h */ = {isa = PBXFileReference; fileEncoding = 4; lastKnownFileType = sourcecode.c.h; path = XMLSKDeviceParser.h; sourceTree = "<group>"; };
		5B024CD6148FB54200ED3B6D /* XMLSKDeviceParser.m */ = {isa = PBXFileReference; fileEncoding = 4; lastKnownFileType = sourcecode.c.objc; path = XMLSKDeviceParser.m; sourceTree = "<group>"; };
		5B024CD8148FBF8E00ED3B6D /* Constants.h */ = {isa = PBXFileReference; fileEncoding = 4; lastKnownFileType = sourcecode.c.h; path = Constants.h; sourceTree = "<group>"; };
		5B024CD9148FC12800ED3B6D /* EntityDataReceiverDelegate.h */ = {isa = PBXFileReference; fileEncoding = 4; lastKnownFileType = sourcecode.c.h; path = EntityDataReceiverDelegate.h; sourceTree = "<group>"; };
		5B024CDF148FC1DA00ED3B6D /* SKDeviceDataReceiver.h */ = {isa = PBXFileReference; fileEncoding = 4; lastKnownFileType = sourcecode.c.h; path = SKDeviceDataReceiver.h; sourceTree = "<group>"; };
		5B024CE0148FC1DA00ED3B6D /* SKDeviceDataReceiver.m */ = {isa = PBXFileReference; fileEncoding = 4; lastKnownFileType = sourcecode.c.objc; path = SKDeviceDataReceiver.m; sourceTree = "<group>"; };
		5B2C42C0149385B50020A2CD /* DataReceivedDelegate.h */ = {isa = PBXFileReference; fileEncoding = 4; lastKnownFileType = sourcecode.c.h; path = DataReceivedDelegate.h; sourceTree = "<group>"; };
		5B2C42C514938F660020A2CD /* EntityStore.h */ = {isa = PBXFileReference; fileEncoding = 4; lastKnownFileType = sourcecode.c.h; path = EntityStore.h; sourceTree = "<group>"; };
		5B2C42C614938F660020A2CD /* EntityStore.m */ = {isa = PBXFileReference; fileEncoding = 4; lastKnownFileType = sourcecode.c.objc; path = EntityStore.m; sourceTree = "<group>"; };
		5B2C42CA149390150020A2CD /* EntityStoreDelegate.h */ = {isa = PBXFileReference; fileEncoding = 4; lastKnownFileType = sourcecode.c.h; path = EntityStoreDelegate.h; sourceTree = "<group>"; };
		5B2C42CB1493903D0020A2CD /* SKDeviceStoreDelegate.h */ = {isa = PBXFileReference; fileEncoding = 4; lastKnownFileType = sourcecode.c.h; path = SKDeviceStoreDelegate.h; sourceTree = "<group>"; };
		5B2C42CC149390710020A2CD /* SKEntity.h */ = {isa = PBXFileReference; fileEncoding = 4; lastKnownFileType = sourcecode.c.h; path = SKEntity.h; sourceTree = "<group>"; };
		5B2C42CD149390710020A2CD /* SKEntity.m */ = {isa = PBXFileReference; fileEncoding = 4; lastKnownFileType = sourcecode.c.objc; path = SKEntity.m; sourceTree = "<group>"; };
		5B639CA014964A1B002D7F8F /* Tab_ComingUp.png */ = {isa = PBXFileReference; lastKnownFileType = image.png; path = Tab_ComingUp.png; sourceTree = "<group>"; };
		5B639CA114964A1B002D7F8F /* Tab_ComingUp@2x.png */ = {isa = PBXFileReference; lastKnownFileType = image.png; path = "Tab_ComingUp@2x.png"; sourceTree = "<group>"; };
		5B639CA214964A1B002D7F8F /* Tab_DataSources.png */ = {isa = PBXFileReference; lastKnownFileType = image.png; path = Tab_DataSources.png; sourceTree = "<group>"; };
		5B639CA314964A1B002D7F8F /* Tab_DataSources@2x.png */ = {isa = PBXFileReference; lastKnownFileType = image.png; path = "Tab_DataSources@2x.png"; sourceTree = "<group>"; };
		5B639CA414964A1B002D7F8F /* Tab_Devices.png */ = {isa = PBXFileReference; lastKnownFileType = image.png; path = Tab_Devices.png; sourceTree = "<group>"; };
		5B639CA514964A1B002D7F8F /* Tab_Devices@2x.png */ = {isa = PBXFileReference; lastKnownFileType = image.png; path = "Tab_Devices@2x.png"; sourceTree = "<group>"; };
		5B639CB014964E2A002D7F8F /* DeviceListViewController.h */ = {isa = PBXFileReference; fileEncoding = 4; lastKnownFileType = sourcecode.c.h; path = DeviceListViewController.h; sourceTree = "<group>"; };
		5B639CB114964E2A002D7F8F /* DeviceListViewController.m */ = {isa = PBXFileReference; fileEncoding = 4; lastKnownFileType = sourcecode.c.objc; path = DeviceListViewController.m; sourceTree = "<group>"; };
		5BA69E5D149B43DA00D663BA /* SKDeviceGroup.h */ = {isa = PBXFileReference; fileEncoding = 4; lastKnownFileType = sourcecode.c.h; path = SKDeviceGroup.h; sourceTree = "<group>"; };
		5BA69E5E149B43DA00D663BA /* SKDeviceGroup.m */ = {isa = PBXFileReference; fileEncoding = 4; lastKnownFileType = sourcecode.c.objc; path = SKDeviceGroup.m; sourceTree = "<group>"; };
/* End PBXFileReference section */

/* Begin PBXFrameworksBuildPhase section */
		5B024CA2148FA6B300ED3B6D /* Frameworks */ = {
			isa = PBXFrameworksBuildPhase;
			buildActionMask = 2147483647;
			files = (
				5B024CAA148FA6B300ED3B6D /* UIKit.framework in Frameworks */,
				5B024CAC148FA6B300ED3B6D /* Foundation.framework in Frameworks */,
				5B024CAE148FA6B300ED3B6D /* CoreGraphics.framework in Frameworks */,
			);
			runOnlyForDeploymentPostprocessing = 0;
		};
/* End PBXFrameworksBuildPhase section */

/* Begin PBXGroup section */
		5B024C9A148FA6B300ED3B6D = {
			isa = PBXGroup;
			children = (
				5B024CAF148FA6B300ED3B6D /* SK Codebase */,
				5B024CA8148FA6B300ED3B6D /* Frameworks */,
				5B024CA6148FA6B300ED3B6D /* Products */,
			);
			sourceTree = "<group>";
		};
		5B024CA6148FA6B300ED3B6D /* Products */ = {
			isa = PBXGroup;
			children = (
				5B024CA5148FA6B300ED3B6D /* SK Codebase.app */,
			);
			name = Products;
			sourceTree = "<group>";
		};
		5B024CA8148FA6B300ED3B6D /* Frameworks */ = {
			isa = PBXGroup;
			children = (
				5B024CA9148FA6B300ED3B6D /* UIKit.framework */,
				5B024CAB148FA6B300ED3B6D /* Foundation.framework */,
				5B024CAD148FA6B300ED3B6D /* CoreGraphics.framework */,
			);
			name = Frameworks;
			sourceTree = "<group>";
		};
		5B024CAF148FA6B300ED3B6D /* SK Codebase */ = {
			isa = PBXGroup;
			children = (
				5B639CAC14964A99002D7F8F /* ViewControllers */,
				5B639C9314963B12002D7F8F /* Resources */,
				5B2C42C414938F480020A2CD /* Stores */,
				5B2C42C21493876B0020A2CD /* Communication */,
				5B024CE2148FC5A800ED3B6D /* Protocols */,
				5B024CD3148FB4F300ED3B6D /* Parsers */,
				5B024CCC148FAC5E00ED3B6D /* ServerEntities */,
				5B024CB8148FA6B300ED3B6D /* AppDelegate.h */,
				5B024CB9148FA6B300ED3B6D /* AppDelegate.m */,
				5B024CBB148FA6B300ED3B6D /* MainStoryboard_iPhone.storyboard */,
				5B024CBE148FA6B300ED3B6D /* MainStoryboard_iPad.storyboard */,
				5B024CC1148FA6B300ED3B6D /* ViewController.h */,
				5B024CC2148FA6B300ED3B6D /* ViewController.m */,
				5B024CB0148FA6B300ED3B6D /* Supporting Files */,
				5B024CD0148FB02700ED3B6D /* AuthenticationDataContainer.h */,
				5B024CD1148FB02700ED3B6D /* AuthenticationDataContainer.m */,
				5B024CD8148FBF8E00ED3B6D /* Constants.h */,
			);
			path = "SK Codebase";
			sourceTree = "<group>";
		};
		5B024CB0148FA6B300ED3B6D /* Supporting Files */ = {
			isa = PBXGroup;
			children = (
				5B024CB1148FA6B300ED3B6D /* SK Codebase-Info.plist */,
				5B024CB2148FA6B300ED3B6D /* InfoPlist.strings */,
				5B024CB5148FA6B300ED3B6D /* main.m */,
				5B024CB7148FA6B300ED3B6D /* SK Codebase-Prefix.pch */,
			);
			name = "Supporting Files";
			sourceTree = "<group>";
		};
		5B024CCC148FAC5E00ED3B6D /* ServerEntities */ = {
			isa = PBXGroup;
			children = (
				5B024CCD148FAC7600ED3B6D /* SKDevice.h */,
				5B024CCE148FAC7600ED3B6D /* SKDevice.m */,
				5B2C42CC149390710020A2CD /* SKEntity.h */,
				5B2C42CD149390710020A2CD /* SKEntity.m */,
				5BA69E5D149B43DA00D663BA /* SKDeviceGroup.h */,
				5BA69E5E149B43DA00D663BA /* SKDeviceGroup.m */,
			);
			name = ServerEntities;
			sourceTree = "<group>";
		};
		5B024CD3148FB4F300ED3B6D /* Parsers */ = {
			isa = PBXGroup;
			children = (
				5B024CD4148FB4FD00ED3B6D /* Xml */,
			);
			name = Parsers;
			sourceTree = "<group>";
		};
		5B024CD4148FB4FD00ED3B6D /* Xml */ = {
			isa = PBXGroup;
			children = (
				5B024CD5148FB54200ED3B6D /* XMLSKDeviceParser.h */,
				5B024CD6148FB54200ED3B6D /* XMLSKDeviceParser.m */,
			);
			name = Xml;
			sourceTree = "<group>";
		};
		5B024CE2148FC5A800ED3B6D /* Protocols */ = {
			isa = PBXGroup;
			children = (
				5B024CD9148FC12800ED3B6D /* EntityDataReceiverDelegate.h */,
			);
			name = Protocols;
			sourceTree = "<group>";
		};
		5B2C42C21493876B0020A2CD /* Communication */ = {
			isa = PBXGroup;
			children = (
				5B024CDF148FC1DA00ED3B6D /* SKDeviceDataReceiver.h */,
				5B024CE0148FC1DA00ED3B6D /* SKDeviceDataReceiver.m */,
				5B024CC9148FA6F100ED3B6D /* CommunicationBase.h */,
				5B024CCA148FA6F100ED3B6D /* CommunicationBase.m */,
				5B2C42C3149387830020A2CD /* Protocols */,
			);
			name = Communication;
			sourceTree = "<group>";
		};
		5B2C42C3149387830020A2CD /* Protocols */ = {
			isa = PBXGroup;
			children = (
				5B2C42C0149385B50020A2CD /* DataReceivedDelegate.h */,
			);
			name = Protocols;
			sourceTree = "<group>";
		};
		5B2C42C414938F480020A2CD /* Stores */ = {
			isa = PBXGroup;
			children = (
				5B2C42C914938FE60020A2CD /* Protocols */,
				5B2C42C514938F660020A2CD /* EntityStore.h */,
				5B2C42C614938F660020A2CD /* EntityStore.m */,
			);
			name = Stores;
			sourceTree = "<group>";
		};
		5B2C42C914938FE60020A2CD /* Protocols */ = {
			isa = PBXGroup;
			children = (
				5B2C42CA149390150020A2CD /* EntityStoreDelegate.h */,
				5B2C42CB1493903D0020A2CD /* SKDeviceStoreDelegate.h */,
			);
			name = Protocols;
			sourceTree = "<group>";
		};
		5B639C9314963B12002D7F8F /* Resources */ = {
			isa = PBXGroup;
			children = (
				5B639CA014964A1B002D7F8F /* Tab_ComingUp.png */,
				5B639CA114964A1B002D7F8F /* Tab_ComingUp@2x.png */,
				5B639CA214964A1B002D7F8F /* Tab_DataSources.png */,
				5B639CA314964A1B002D7F8F /* Tab_DataSources@2x.png */,
				5B639CA414964A1B002D7F8F /* Tab_Devices.png */,
				5B639CA514964A1B002D7F8F /* Tab_Devices@2x.png */,
			);
			name = Resources;
			sourceTree = "<group>";
		};
		5B639CAC14964A99002D7F8F /* ViewControllers */ = {
			isa = PBXGroup;
			children = (
				5B639CB014964E2A002D7F8F /* DeviceListViewController.h */,
				5B639CB114964E2A002D7F8F /* DeviceListViewController.m */,
			);
			name = ViewControllers;
			sourceTree = "<group>";
		};
/* End PBXGroup section */

/* Begin PBXNativeTarget section */
		5B024CA4148FA6B300ED3B6D /* SK Codebase */ = {
			isa = PBXNativeTarget;
			buildConfigurationList = 5B024CC6148FA6B300ED3B6D /* Build configuration list for PBXNativeTarget "SK Codebase" */;
			buildPhases = (
				5B024CA1148FA6B300ED3B6D /* Sources */,
				5B024CA2148FA6B300ED3B6D /* Frameworks */,
				5B024CA3148FA6B300ED3B6D /* Resources */,
			);
			buildRules = (
			);
			dependencies = (
			);
			name = "SK Codebase";
			productName = "SK Codebase";
			productReference = 5B024CA5148FA6B300ED3B6D /* SK Codebase.app */;
			productType = "com.apple.product-type.application";
		};
/* End PBXNativeTarget section */

/* Begin PBXProject section */
		5B024C9C148FA6B300ED3B6D /* Project object */ = {
			isa = PBXProject;
			attributes = {
				LastUpgradeCheck = 0420;
			};
			buildConfigurationList = 5B024C9F148FA6B300ED3B6D /* Build configuration list for PBXProject "SK Codebase" */;
			compatibilityVersion = "Xcode 3.2";
			developmentRegion = English;
			hasScannedForEncodings = 0;
			knownRegions = (
				en,
			);
			mainGroup = 5B024C9A148FA6B300ED3B6D;
			productRefGroup = 5B024CA6148FA6B300ED3B6D /* Products */;
			projectDirPath = "";
			projectRoot = "";
			targets = (
				5B024CA4148FA6B300ED3B6D /* SK Codebase */,
			);
		};
/* End PBXProject section */

/* Begin PBXResourcesBuildPhase section */
		5B024CA3148FA6B300ED3B6D /* Resources */ = {
			isa = PBXResourcesBuildPhase;
			buildActionMask = 2147483647;
			files = (
				5B024CB4148FA6B300ED3B6D /* InfoPlist.strings in Resources */,
				5B024CBD148FA6B300ED3B6D /* MainStoryboard_iPhone.storyboard in Resources */,
				5B024CC0148FA6B300ED3B6D /* MainStoryboard_iPad.storyboard in Resources */,
				5B639CA614964A1B002D7F8F /* Tab_ComingUp.png in Resources */,
				5B639CA714964A1B002D7F8F /* Tab_ComingUp@2x.png in Resources */,
				5B639CA814964A1B002D7F8F /* Tab_DataSources.png in Resources */,
				5B639CA914964A1B002D7F8F /* Tab_DataSources@2x.png in Resources */,
				5B639CAA14964A1B002D7F8F /* Tab_Devices.png in Resources */,
				5B639CAB14964A1B002D7F8F /* Tab_Devices@2x.png in Resources */,
			);
			runOnlyForDeploymentPostprocessing = 0;
		};
/* End PBXResourcesBuildPhase section */

/* Begin PBXSourcesBuildPhase section */
		5B024CA1148FA6B300ED3B6D /* Sources */ = {
			isa = PBXSourcesBuildPhase;
			buildActionMask = 2147483647;
			files = (
				5B024CB6148FA6B300ED3B6D /* main.m in Sources */,
				5B024CBA148FA6B300ED3B6D /* AppDelegate.m in Sources */,
				5B024CC3148FA6B300ED3B6D /* ViewController.m in Sources */,
				5B024CCB148FA6F100ED3B6D /* CommunicationBase.m in Sources */,
				5B024CCF148FAC7600ED3B6D /* SKDevice.m in Sources */,
				5B024CD2148FB02700ED3B6D /* AuthenticationDataContainer.m in Sources */,
				5B024CD7148FB54200ED3B6D /* XMLSKDeviceParser.m in Sources */,
				5B024CE1148FC1DA00ED3B6D /* SKDeviceDataReceiver.m in Sources */,
				5B2C42C714938F660020A2CD /* EntityStore.m in Sources */,
				5B2C42CE149390710020A2CD /* SKEntity.m in Sources */,
				5B639CB214964E2A002D7F8F /* DeviceListViewController.m in Sources */,
				5BA69E5F149B43DA00D663BA /* SKDeviceGroup.m in Sources */,
			);
			runOnlyForDeploymentPostprocessing = 0;
		};
/* End PBXSourcesBuildPhase section */

/* Begin PBXVariantGroup section */
		5B024CB2148FA6B300ED3B6D /* InfoPlist.strings */ = {
			isa = PBXVariantGroup;
			children = (
				5B024CB3148FA6B300ED3B6D /* en */,
			);
			name = InfoPlist.strings;
			sourceTree = "<group>";
		};
		5B024CBB148FA6B300ED3B6D /* MainStoryboard_iPhone.storyboard */ = {
			isa = PBXVariantGroup;
			children = (
				5B024CBC148FA6B300ED3B6D /* en */,
			);
			name = MainStoryboard_iPhone.storyboard;
			sourceTree = "<group>";
		};
		5B024CBE148FA6B300ED3B6D /* MainStoryboard_iPad.storyboard */ = {
			isa = PBXVariantGroup;
			children = (
				5B024CBF148FA6B300ED3B6D /* en */,
			);
			name = MainStoryboard_iPad.storyboard;
			sourceTree = "<group>";
		};
/* End PBXVariantGroup section */

/* Begin XCBuildConfiguration section */
		5B024CC4148FA6B300ED3B6D /* Debug */ = {
			isa = XCBuildConfiguration;
			buildSettings = {
				ALWAYS_SEARCH_USER_PATHS = NO;
				ARCHS = "$(ARCHS_STANDARD_32_BIT)";
				CLANG_ENABLE_OBJC_ARC = YES;
				"CODE_SIGN_IDENTITY[sdk=iphoneos*]" = "iPhone Developer";
				COPY_PHASE_STRIP = NO;
				GCC_C_LANGUAGE_STANDARD = gnu99;
				GCC_DYNAMIC_NO_PIC = NO;
				GCC_OPTIMIZATION_LEVEL = 0;
				GCC_PREPROCESSOR_DEFINITIONS = (
					"DEBUG=1",
					"$(inherited)",
				);
				GCC_SYMBOLS_PRIVATE_EXTERN = NO;
				GCC_VERSION = com.apple.compilers.llvm.clang.1_0;
				GCC_WARN_ABOUT_MISSING_PROTOTYPES = YES;
				GCC_WARN_ABOUT_RETURN_TYPE = YES;
				GCC_WARN_UNUSED_VARIABLE = YES;
				IPHONEOS_DEPLOYMENT_TARGET = 5.0;
				SDKROOT = iphoneos;
				TARGETED_DEVICE_FAMILY = "1,2";
			};
			name = Debug;
		};
		5B024CC5148FA6B300ED3B6D /* Release */ = {
			isa = XCBuildConfiguration;
			buildSettings = {
				ALWAYS_SEARCH_USER_PATHS = NO;
				ARCHS = "$(ARCHS_STANDARD_32_BIT)";
				CLANG_ENABLE_OBJC_ARC = YES;
				"CODE_SIGN_IDENTITY[sdk=iphoneos*]" = "iPhone Developer";
				COPY_PHASE_STRIP = YES;
				GCC_C_LANGUAGE_STANDARD = gnu99;
				GCC_VERSION = com.apple.compilers.llvm.clang.1_0;
				GCC_WARN_ABOUT_MISSING_PROTOTYPES = YES;
				GCC_WARN_ABOUT_RETURN_TYPE = YES;
				GCC_WARN_UNUSED_VARIABLE = YES;
				IPHONEOS_DEPLOYMENT_TARGET = 5.0;
				OTHER_CFLAGS = "-DNS_BLOCK_ASSERTIONS=1";
				SDKROOT = iphoneos;
				TARGETED_DEVICE_FAMILY = "1,2";
				VALIDATE_PRODUCT = YES;
			};
			name = Release;
		};
		5B024CC7148FA6B300ED3B6D /* Debug */ = {
			isa = XCBuildConfiguration;
			buildSettings = {
				GCC_PRECOMPILE_PREFIX_HEADER = YES;
				GCC_PREFIX_HEADER = "SK Codebase/SK Codebase-Prefix.pch";
				INFOPLIST_FILE = "SK Codebase/SK Codebase-Info.plist";
				PRODUCT_NAME = "$(TARGET_NAME)";
				WRAPPER_EXTENSION = app;
			};
			name = Debug;
		};
		5B024CC8148FA6B300ED3B6D /* Release */ = {
			isa = XCBuildConfiguration;
			buildSettings = {
				GCC_PRECOMPILE_PREFIX_HEADER = YES;
				GCC_PREFIX_HEADER = "SK Codebase/SK Codebase-Prefix.pch";
				INFOPLIST_FILE = "SK Codebase/SK Codebase-Info.plist";
				PRODUCT_NAME = "$(TARGET_NAME)";
				WRAPPER_EXTENSION = app;
			};
			name = Release;
		};
/* End XCBuildConfiguration section */

/* Begin XCConfigurationList section */
		5B024C9F148FA6B300ED3B6D /* Build configuration list for PBXProject "SK Codebase" */ = {
			isa = XCConfigurationList;
			buildConfigurations = (
				5B024CC4148FA6B300ED3B6D /* Debug */,
				5B024CC5148FA6B300ED3B6D /* Release */,
			);
			defaultConfigurationIsVisible = 0;
			defaultConfigurationName = Release;
		};
		5B024CC6148FA6B300ED3B6D /* Build configuration list for PBXNativeTarget "SK Codebase" */ = {
			isa = XCConfigurationList;
			buildConfigurations = (
				5B024CC7148FA6B300ED3B6D /* Debug */,
				5B024CC8148FA6B300ED3B6D /* Release */,
			);
			defaultConfigurationIsVisible = 0;
			defaultConfigurationName = Release;
		};
/* End XCConfigurationList section */
	};
	rootObject = 5B024C9C148FA6B300ED3B6D /* Project object */;
}
