// !$*UTF8*$!
{
	archiveVersion = 1;
	classes = {
	};
	objectVersion = 46;
	objects = {

/* Begin PBXBuildFile section */
		5B024CAA148FA6B300ED3B6D /* UIKit.framework in Frameworks */ = {isa = PBXBuildFile; fileRef = 5B024CA9148FA6B300ED3B6D /* UIKit.framework */; };
		5B024CAC148FA6B300ED3B6D /* Foundation.framework in Frameworks */ = {isa = PBXBuildFile; fileRef = 5B024CAB148FA6B300ED3B6D /* Foundation.framework */; };
		5B024CAE148FA6B300ED3B6D /* CoreGraphics.framework in Frameworks */ = {isa = PBXBuildFile; fileRef = 5B024CAD148FA6B300ED3B6D /* CoreGraphics.framework */; };
		5B024CB4148FA6B300ED3B6D /* InfoPlist.strings in Resources */ = {isa = PBXBuildFile; fileRef = 5B024CB2148FA6B300ED3B6D /* InfoPlist.strings */; };
		5B024CB6148FA6B300ED3B6D /* main.m in Sources */ = {isa = PBXBuildFile; fileRef = 5B024CB5148FA6B300ED3B6D /* main.m */; };
		5B024CBA148FA6B300ED3B6D /* AppDelegate.m in Sources */ = {isa = PBXBuildFile; fileRef = 5B024CB9148FA6B300ED3B6D /* AppDelegate.m */; };
		5B024CBD148FA6B300ED3B6D /* MainStoryboard_iPhone.storyboard in Resources */ = {isa = PBXBuildFile; fileRef = 5B024CBB148FA6B300ED3B6D /* MainStoryboard_iPhone.storyboard */; };
		5B024CC0148FA6B300ED3B6D /* MainStoryboard_iPad.storyboard in Resources */ = {isa = PBXBuildFile; fileRef = 5B024CBE148FA6B300ED3B6D /* MainStoryboard_iPad.storyboard */; };
		5B024CCB148FA6F100ED3B6D /* CommunicationBase.m in Sources */ = {isa = PBXBuildFile; fileRef = 5B024CCA148FA6F100ED3B6D /* CommunicationBase.m */; };
		5B024CCF148FAC7600ED3B6D /* SKDevice.m in Sources */ = {isa = PBXBuildFile; fileRef = 5B024CCE148FAC7600ED3B6D /* SKDevice.m */; };
		5B024CD2148FB02700ED3B6D /* AuthenticationDataContainer.m in Sources */ = {isa = PBXBuildFile; fileRef = 5B024CD1148FB02700ED3B6D /* AuthenticationDataContainer.m */; };
		5B024CD7148FB54200ED3B6D /* XMLSKDeviceParser.m in Sources */ = {isa = PBXBuildFile; fileRef = 5B024CD6148FB54200ED3B6D /* XMLSKDeviceParser.m */; };
		5B024CE1148FC1DA00ED3B6D /* SKDeviceDataReceiver.m in Sources */ = {isa = PBXBuildFile; fileRef = 5B024CE0148FC1DA00ED3B6D /* SKDeviceDataReceiver.m */; };
		5B04A51514DFC87000C8B178 /* EventList_Dim.png in Resources */ = {isa = PBXBuildFile; fileRef = 5B04A51114DFC87000C8B178 /* EventList_Dim.png */; };
		5B04A51614DFC87000C8B178 /* EventList_Off.png in Resources */ = {isa = PBXBuildFile; fileRef = 5B04A51214DFC87000C8B178 /* EventList_Off.png */; };
		5B04A51714DFC87000C8B178 /* EventList_On.png in Resources */ = {isa = PBXBuildFile; fileRef = 5B04A51314DFC87000C8B178 /* EventList_On.png */; };
		5B04A51814DFC87000C8B178 /* EventList_Scenario.png in Resources */ = {isa = PBXBuildFile; fileRef = 5B04A51414DFC87000C8B178 /* EventList_Scenario.png */; };
		5B09208F14C07DA200BB9274 /* SettingsListViewController_iPhone.m in Sources */ = {isa = PBXBuildFile; fileRef = 5B09208E14C07DA200BB9274 /* SettingsListViewController_iPhone.m */; };
		5B09209714C090D100BB9274 /* UrlSettingStdTableViewCell.m in Sources */ = {isa = PBXBuildFile; fileRef = 5B09209614C090D100BB9274 /* UrlSettingStdTableViewCell.m */; };
		5B09209A14C091BD00BB9274 /* NumericSettingStdTableViewCell.m in Sources */ = {isa = PBXBuildFile; fileRef = 5B09209914C091BD00BB9274 /* NumericSettingStdTableViewCell.m */; };
		5B09209D14C0922B00BB9274 /* SwitchSettingStdTableViewCell.m in Sources */ = {isa = PBXBuildFile; fileRef = 5B09209C14C0922B00BB9274 /* SwitchSettingStdTableViewCell.m */; };
		5B0920A014C0954500BB9274 /* ServerSettingsListViewController_iPhone.m in Sources */ = {isa = PBXBuildFile; fileRef = 5B09209F14C0954500BB9274 /* ServerSettingsListViewController_iPhone.m */; };
		5B0920A314C0C74D00BB9274 /* TextSettingStdTableViewCell.m in Sources */ = {isa = PBXBuildFile; fileRef = 5B0920A214C0C74D00BB9274 /* TextSettingStdTableViewCell.m */; };
		5B0920A614C0C7B200BB9274 /* PasswordSettingStdTableViewCell.m in Sources */ = {isa = PBXBuildFile; fileRef = 5B0920A514C0C7B200BB9274 /* PasswordSettingStdTableViewCell.m */; };
		5B166F3414B9E11F00563CB1 /* SKDeviceBaseStdTableViewCell.m in Sources */ = {isa = PBXBuildFile; fileRef = 5B166F3314B9E11F00563CB1 /* SKDeviceBaseStdTableViewCell.m */; };
		5B2C42C714938F660020A2CD /* EntityStore.m in Sources */ = {isa = PBXBuildFile; fileRef = 5B2C42C614938F660020A2CD /* EntityStore.m */; };
		5B2C42CE149390710020A2CD /* SKEntity.m in Sources */ = {isa = PBXBuildFile; fileRef = 5B2C42CD149390710020A2CD /* SKEntity.m */; };
		5B33272414ADB575002A263A /* GTMNSString+HTML.m in Sources */ = {isa = PBXBuildFile; fileRef = 5B33272114ADB575002A263A /* GTMNSString+HTML.m */; settings = {COMPILER_FLAGS = "-fno-objc-arc"; }; };
		5B33272514ADB575002A263A /* NSString+HTML.m in Sources */ = {isa = PBXBuildFile; fileRef = 5B33272314ADB575002A263A /* NSString+HTML.m */; settings = {COMPILER_FLAGS = "-fno-objc-arc"; }; };
		5B33272914ADD02A002A263A /* EntityHttpReqNotificationData.m in Sources */ = {isa = PBXBuildFile; fileRef = 5B33272814ADD02A002A263A /* EntityHttpReqNotificationData.m */; };
		5B38B4C114CD9407002A3275 /* MaxUpcomingEventsListViewController.m in Sources */ = {isa = PBXBuildFile; fileRef = 5B38B4C014CD9407002A3275 /* MaxUpcomingEventsListViewController.m */; };
		5B38B4C514CD942B002A3275 /* RefreshIntervalListViewController.m in Sources */ = {isa = PBXBuildFile; fileRef = 5B38B4C414CD942B002A3275 /* RefreshIntervalListViewController.m */; };
		5B38B4C814CD944A002A3275 /* RefreshAfterCommandListViewController.m in Sources */ = {isa = PBXBuildFile; fileRef = 5B38B4C714CD944A002A3275 /* RefreshAfterCommandListViewController.m */; };
		5B38B4CB14CDBB37002A3275 /* Icon.png in Resources */ = {isa = PBXBuildFile; fileRef = 5B38B4C914CDBB37002A3275 /* Icon.png */; };
		5B38B4CC14CDBB37002A3275 /* Icon@2x.png in Resources */ = {isa = PBXBuildFile; fileRef = 5B38B4CA14CDBB37002A3275 /* Icon@2x.png */; };
		5B38B4CE14CDBC29002A3275 /* Default.png in Resources */ = {isa = PBXBuildFile; fileRef = 5B38B4CD14CDBC29002A3275 /* Default.png */; };
		5B396B5114B39A3000A590FB /* ImagePathHelper.m in Sources */ = {isa = PBXBuildFile; fileRef = 5B396B5014B39A3000A590FB /* ImagePathHelper.m */; };
		5B396B5414B3A9B400A590FB /* TextHelper.m in Sources */ = {isa = PBXBuildFile; fileRef = 5B396B5314B3A9B400A590FB /* TextHelper.m */; };
		5B396B5614B3AF0800A590FB /* Localizable.strings in Resources */ = {isa = PBXBuildFile; fileRef = 5B396B5514B3AF0800A590FB /* Localizable.strings */; };
		5B396B5D14B3AFA100A590FB /* Texts.strings in Resources */ = {isa = PBXBuildFile; fileRef = 5B396B5F14B3AFA100A590FB /* Texts.strings */; };
		5B3E30BD14E02A9000AA6517 /* SKTabBarControllerDelegate_iPhone.m in Sources */ = {isa = PBXBuildFile; fileRef = 5B3E30BC14E02A9000AA6517 /* SKTabBarControllerDelegate_iPhone.m */; };
		5B5D3D7E14D6952F007882E0 /* DataSourceListViewController_iPhone.m in Sources */ = {isa = PBXBuildFile; fileRef = 5B5D3D7D14D6952F007882E0 /* DataSourceListViewController_iPhone.m */; };
		5B5D3D8214D69AC8007882E0 /* SKDataSourceGroup.m in Sources */ = {isa = PBXBuildFile; fileRef = 5B5D3D8114D69AC8007882E0 /* SKDataSourceGroup.m */; };
		5B5D3D8514D6A597007882E0 /* SKDataSourceBaseStdTableViewCell.m in Sources */ = {isa = PBXBuildFile; fileRef = 5B5D3D8414D6A597007882E0 /* SKDataSourceBaseStdTableViewCell.m */; };
		5B5D3D8814D6A6BC007882E0 /* SKDataSourceStdTableViewCell.m in Sources */ = {isa = PBXBuildFile; fileRef = 5B5D3D8714D6A6BC007882E0 /* SKDataSourceStdTableViewCell.m */; };
		5B5D3D8B14D6A6D3007882E0 /* SKDataSourceGroupStdTableViewCell.m in Sources */ = {isa = PBXBuildFile; fileRef = 5B5D3D8A14D6A6D3007882E0 /* SKDataSourceGroupStdTableViewCell.m */; };
		5B5D3D8E14D6A8A0007882E0 /* DataSourceDetailController_iPhone.m in Sources */ = {isa = PBXBuildFile; fileRef = 5B5D3D8D14D6A89F007882E0 /* DataSourceDetailController_iPhone.m */; };
		5B5D3D9114D6B538007882E0 /* StateHelper.m in Sources */ = {isa = PBXBuildFile; fileRef = 5B5D3D9014D6B537007882E0 /* StateHelper.m */; };
		5B5D412E14E004DC00759648 /* SwipeInfoViewController.m in Sources */ = {isa = PBXBuildFile; fileRef = 5B5D412C14E004DC00759648 /* SwipeInfoViewController.m */; };
		5B5D412F14E004DC00759648 /* SwipeInfoViewController.xib in Resources */ = {isa = PBXBuildFile; fileRef = 5B5D412D14E004DC00759648 /* SwipeInfoViewController.xib */; };
		5B639CA614964A1B002D7F8F /* Tab_ComingUp.png in Resources */ = {isa = PBXBuildFile; fileRef = 5B639CA014964A1B002D7F8F /* Tab_ComingUp.png */; };
		5B639CA714964A1B002D7F8F /* Tab_ComingUp@2x.png in Resources */ = {isa = PBXBuildFile; fileRef = 5B639CA114964A1B002D7F8F /* Tab_ComingUp@2x.png */; };
		5B639CA814964A1B002D7F8F /* Tab_DataSources.png in Resources */ = {isa = PBXBuildFile; fileRef = 5B639CA214964A1B002D7F8F /* Tab_DataSources.png */; };
		5B639CA914964A1B002D7F8F /* Tab_DataSources@2x.png in Resources */ = {isa = PBXBuildFile; fileRef = 5B639CA314964A1B002D7F8F /* Tab_DataSources@2x.png */; };
		5B639CAA14964A1B002D7F8F /* Tab_Devices.png in Resources */ = {isa = PBXBuildFile; fileRef = 5B639CA414964A1B002D7F8F /* Tab_Devices.png */; };
		5B639CAB14964A1B002D7F8F /* Tab_Devices@2x.png in Resources */ = {isa = PBXBuildFile; fileRef = 5B639CA514964A1B002D7F8F /* Tab_Devices@2x.png */; };
		5B639CB214964E2A002D7F8F /* DeviceListViewController.m in Sources */ = {isa = PBXBuildFile; fileRef = 5B639CB114964E2A002D7F8F /* DeviceListViewController.m */; };
		5B64DF6C14D9738B00D36647 /* SKEvent.m in Sources */ = {isa = PBXBuildFile; fileRef = 5B64DF6B14D9738B00D36647 /* SKEvent.m */; };
		5B64DF7014D977E800D36647 /* SKEventDataReceiver.m in Sources */ = {isa = PBXBuildFile; fileRef = 5B64DF6F14D977E800D36647 /* SKEventDataReceiver.m */; };
		5B64DF7314D9784000D36647 /* XMLSKEventParser.m in Sources */ = {isa = PBXBuildFile; fileRef = 5B64DF7214D9784000D36647 /* XMLSKEventParser.m */; };
		5B64DF7714D9D47B00D36647 /* EventListViewController_iPhone.m in Sources */ = {isa = PBXBuildFile; fileRef = 5B64DF7614D9D47B00D36647 /* EventListViewController_iPhone.m */; };
		5B64DF7A14D9D6D800D36647 /* SKEventTableViewCell.m in Sources */ = {isa = PBXBuildFile; fileRef = 5B64DF7914D9D6D800D36647 /* SKEventTableViewCell.m */; };
		5B64DF7D14D9D6FA00D36647 /* SKEventBaseStdTableViewCell.m in Sources */ = {isa = PBXBuildFile; fileRef = 5B64DF7C14D9D6F900D36647 /* SKEventBaseStdTableViewCell.m */; };
		5B71ACE414EAFA1F009352DD /* XMLSKLiveDaysLeftParser.m in Sources */ = {isa = PBXBuildFile; fileRef = 5B71ACE314EAFA1F009352DD /* XMLSKLiveDaysLeftParser.m */; };
		5B71ACE714EAFCB4009352DD /* SKLiveDaysLeftReceiver.m in Sources */ = {isa = PBXBuildFile; fileRef = 5B71ACE614EAFCB4009352DD /* SKLiveDaysLeftReceiver.m */; };
		5B8027EB149BAC3800F3909E /* SKDeviceStdTableViewCell.m in Sources */ = {isa = PBXBuildFile; fileRef = 5B8027EA149BAC3800F3909E /* SKDeviceStdTableViewCell.m */; };
		5B80280014A219DD00F3909E /* DataSourceList_StatusError.png in Resources */ = {isa = PBXBuildFile; fileRef = 5B8027ED14A219DD00F3909E /* DataSourceList_StatusError.png */; };
		5B80280114A219DD00F3909E /* DataSourceList_StatusOK.png in Resources */ = {isa = PBXBuildFile; fileRef = 5B8027EE14A219DD00F3909E /* DataSourceList_StatusOK.png */; };
		5B80280214A219DD00F3909E /* DataSourceList_StatusWarning.png in Resources */ = {isa = PBXBuildFile; fileRef = 5B8027EF14A219DD00F3909E /* DataSourceList_StatusWarning.png */; };
		5B80280314A219DD00F3909E /* DeviceList_Dim.png in Resources */ = {isa = PBXBuildFile; fileRef = 5B8027F014A219DD00F3909E /* DeviceList_Dim.png */; };
		5B80280414A219DD00F3909E /* DeviceList_DimFrozen.png in Resources */ = {isa = PBXBuildFile; fileRef = 5B8027F114A219DD00F3909E /* DeviceList_DimFrozen.png */; };
		5B80280514A219DD00F3909E /* DeviceList_DimRule.png in Resources */ = {isa = PBXBuildFile; fileRef = 5B8027F214A219DD00F3909E /* DeviceList_DimRule.png */; };
		5B80280614A219DD00F3909E /* DeviceList_DimScenario.png in Resources */ = {isa = PBXBuildFile; fileRef = 5B8027F314A219DD00F3909E /* DeviceList_DimScenario.png */; };
		5B80280714A219DD00F3909E /* DeviceList_DimSemiAuto.png in Resources */ = {isa = PBXBuildFile; fileRef = 5B8027F414A219DD00F3909E /* DeviceList_DimSemiAuto.png */; };
		5B80280814A219DD00F3909E /* DeviceList_Group.png in Resources */ = {isa = PBXBuildFile; fileRef = 5B8027F514A219DD00F3909E /* DeviceList_Group.png */; };
		5B80280914A219DD00F3909E /* DeviceList_Off.png in Resources */ = {isa = PBXBuildFile; fileRef = 5B8027F614A219DD00F3909E /* DeviceList_Off.png */; };
		5B80280A14A219DD00F3909E /* DeviceList_OffFrozen.png in Resources */ = {isa = PBXBuildFile; fileRef = 5B8027F714A219DD00F3909E /* DeviceList_OffFrozen.png */; };
		5B80280B14A219DD00F3909E /* DeviceList_OffRule.png in Resources */ = {isa = PBXBuildFile; fileRef = 5B8027F814A219DD00F3909E /* DeviceList_OffRule.png */; };
		5B80280C14A219DD00F3909E /* DeviceList_OffScenario.png in Resources */ = {isa = PBXBuildFile; fileRef = 5B8027F914A219DD00F3909E /* DeviceList_OffScenario.png */; };
		5B80280D14A219DD00F3909E /* DeviceList_OffSemiAuto.png in Resources */ = {isa = PBXBuildFile; fileRef = 5B8027FA14A219DD00F3909E /* DeviceList_OffSemiAuto.png */; };
		5B80280E14A219DD00F3909E /* DeviceList_On.png in Resources */ = {isa = PBXBuildFile; fileRef = 5B8027FB14A219DD00F3909E /* DeviceList_On.png */; };
		5B80280F14A219DD00F3909E /* DeviceList_OnFrozen.png in Resources */ = {isa = PBXBuildFile; fileRef = 5B8027FC14A219DD00F3909E /* DeviceList_OnFrozen.png */; };
		5B80281014A219DD00F3909E /* DeviceList_OnRule.png in Resources */ = {isa = PBXBuildFile; fileRef = 5B8027FD14A219DD00F3909E /* DeviceList_OnRule.png */; };
		5B80281114A219DD00F3909E /* DeviceList_OnScenario.png in Resources */ = {isa = PBXBuildFile; fileRef = 5B8027FE14A219DD00F3909E /* DeviceList_OnScenario.png */; };
		5B80281214A219DD00F3909E /* DeviceList_OnSemiAuto.png in Resources */ = {isa = PBXBuildFile; fileRef = 5B8027FF14A219DD00F3909E /* DeviceList_OnSemiAuto.png */; };
		5B8729EC14ED40D100492EB6 /* InfoChime.png in Resources */ = {isa = PBXBuildFile; fileRef = 5B8729EB14ED40D100492EB6 /* InfoChime.png */; };
		5BA69E5F149B43DA00D663BA /* SKDeviceGroup.m in Sources */ = {isa = PBXBuildFile; fileRef = 5BA69E5E149B43DA00D663BA /* SKDeviceGroup.m */; };
		5BA69E65149B6AA100D663BA /* SKDeviceGroupStdTableViewCell.m in Sources */ = {isa = PBXBuildFile; fileRef = 5BA69E64149B6AA100D663BA /* SKDeviceGroupStdTableViewCell.m */; };
		5BA9691914E339A000FAA66D /* SwipeCancel.png in Resources */ = {isa = PBXBuildFile; fileRef = 5BA9691814E339A000FAA66D /* SwipeCancel.png */; };
		5BA9691D14E3B7CC00FAA66D /* SKSystemSetting.m in Sources */ = {isa = PBXBuildFile; fileRef = 5BA9691C14E3B7CC00FAA66D /* SKSystemSetting.m */; };
		5BA9692014E3B86800FAA66D /* XMLSKSystemSettingParser.m in Sources */ = {isa = PBXBuildFile; fileRef = 5BA9691F14E3B86800FAA66D /* XMLSKSystemSettingParser.m */; };
		5BA9692314E3B99700FAA66D /* XMLSKScenarioParser.m in Sources */ = {isa = PBXBuildFile; fileRef = 5BA9692214E3B99700FAA66D /* XMLSKScenarioParser.m */; };
		5BA9692614E3B9CF00FAA66D /* SKScenario.m in Sources */ = {isa = PBXBuildFile; fileRef = 5BA9692514E3B9CF00FAA66D /* SKScenario.m */; };
		5BA9692914E3C17800FAA66D /* SKScenarioDataReceiver.m in Sources */ = {isa = PBXBuildFile; fileRef = 5BA9692814E3C17800FAA66D /* SKScenarioDataReceiver.m */; };
		5BA9692C14E3C19400FAA66D /* SKSystemSettingDataReceiver.m in Sources */ = {isa = PBXBuildFile; fileRef = 5BA9692B14E3C19400FAA66D /* SKSystemSettingDataReceiver.m */; };
		5BA9692F14E3E04600FAA66D /* SKScenarioStdTableViewCell.m in Sources */ = {isa = PBXBuildFile; fileRef = 5BA9692E14E3E04600FAA66D /* SKScenarioStdTableViewCell.m */; };
		5BA9693514E3F6EA00FAA66D /* ScenarioListViewController_iPhone.m in Sources */ = {isa = PBXBuildFile; fileRef = 5BA9693414E3F6EA00FAA66D /* ScenarioListViewController_iPhone.m */; };
		5BA9693814E42C7300FAA66D /* SKNavigationControllerDelegate_iPhone.m in Sources */ = {isa = PBXBuildFile; fileRef = 5BA9693714E42C7300FAA66D /* SKNavigationControllerDelegate_iPhone.m */; };
		5BA9693D14E4521000FAA66D /* AlertMessageView.xib in Resources */ = {isa = PBXBuildFile; fileRef = 5BA9693B14E4521000FAA66D /* AlertMessageView.xib */; };
		5BA9694014E453D000FAA66D /* AlertMessageView.m in Sources */ = {isa = PBXBuildFile; fileRef = 5BA9693F14E453CC00FAA66D /* AlertMessageView.m */; };
		5BAEB0A814D42EE700F1B2AE /* Button_CancelSemiAuto.png in Resources */ = {isa = PBXBuildFile; fileRef = 5BAEB0A114D42EE700F1B2AE /* Button_CancelSemiAuto.png */; };
		5BAEB0A914D42EE700F1B2AE /* Button_Learn.png in Resources */ = {isa = PBXBuildFile; fileRef = 5BAEB0A214D42EE700F1B2AE /* Button_Learn.png */; };
		5BAEB0AA14D42EE700F1B2AE /* Button_Synchronize.png in Resources */ = {isa = PBXBuildFile; fileRef = 5BAEB0A314D42EE700F1B2AE /* Button_Synchronize.png */; };
		5BAEB0AB14D42EE700F1B2AE /* Button_TurnOff.png in Resources */ = {isa = PBXBuildFile; fileRef = 5BAEB0A414D42EE700F1B2AE /* Button_TurnOff.png */; };
		5BAEB0AC14D42EE700F1B2AE /* Button_TurnOn.png in Resources */ = {isa = PBXBuildFile; fileRef = 5BAEB0A514D42EE700F1B2AE /* Button_TurnOn.png */; };
		5BAEB0AD14D42EE700F1B2AE /* Slider_Off.png in Resources */ = {isa = PBXBuildFile; fileRef = 5BAEB0A614D42EE700F1B2AE /* Slider_Off.png */; };
		5BAEB0AE14D42EE700F1B2AE /* Slider_On.png in Resources */ = {isa = PBXBuildFile; fileRef = 5BAEB0A714D42EE700F1B2AE /* Slider_On.png */; };
		5BAEB0B514D4302100F1B2AE /* DeviceDetailController_iPhone.m in Sources */ = {isa = PBXBuildFile; fileRef = 5BAEB0B414D4302100F1B2AE /* DeviceDetailController_iPhone.m */; };
		5BB6255014E2C2EC0006E168 /* SquareView.m in Sources */ = {isa = PBXBuildFile; fileRef = 5BB6254F14E2C2EC0006E168 /* SquareView.m */; };
		5BB6255314E2D2260006E168 /* Project22.png in Resources */ = {isa = PBXBuildFile; fileRef = 5BB6255214E2D2260006E168 /* Project22.png */; };
		5BB6256614E3027D0006E168 /* SwipeDimOn.png in Resources */ = {isa = PBXBuildFile; fileRef = 5BB6255914E3027D0006E168 /* SwipeDimOn.png */; };
		5BB6256714E3027D0006E168 /* SwipeDim90.png in Resources */ = {isa = PBXBuildFile; fileRef = 5BB6255A14E3027D0006E168 /* SwipeDim90.png */; };
		5BB6256814E3027D0006E168 /* SwipeDim80.png in Resources */ = {isa = PBXBuildFile; fileRef = 5BB6255B14E3027D0006E168 /* SwipeDim80.png */; };
		5BB6256914E3027D0006E168 /* SwipeDim70.png in Resources */ = {isa = PBXBuildFile; fileRef = 5BB6255C14E3027D0006E168 /* SwipeDim70.png */; };
		5BB6256A14E3027D0006E168 /* SwipeDim60.png in Resources */ = {isa = PBXBuildFile; fileRef = 5BB6255D14E3027D0006E168 /* SwipeDim60.png */; };
		5BB6256B14E3027D0006E168 /* SwipeDim50.png in Resources */ = {isa = PBXBuildFile; fileRef = 5BB6255E14E3027D0006E168 /* SwipeDim50.png */; };
		5BB6256C14E3027D0006E168 /* SwipeDim40.png in Resources */ = {isa = PBXBuildFile; fileRef = 5BB6255F14E3027D0006E168 /* SwipeDim40.png */; };
		5BB6256D14E3027D0006E168 /* SwipeDim30.png in Resources */ = {isa = PBXBuildFile; fileRef = 5BB6256014E3027D0006E168 /* SwipeDim30.png */; };
		5BB6256E14E3027D0006E168 /* SwipeDim20.png in Resources */ = {isa = PBXBuildFile; fileRef = 5BB6256114E3027D0006E168 /* SwipeDim20.png */; };
		5BB6256F14E3027D0006E168 /* SwipeDim10.png in Resources */ = {isa = PBXBuildFile; fileRef = 5BB6256214E3027D0006E168 /* SwipeDim10.png */; };
		5BB6257014E3027D0006E168 /* SwipeDimOff.png in Resources */ = {isa = PBXBuildFile; fileRef = 5BB6256314E3027D0006E168 /* SwipeDimOff.png */; };
		5BB6257314E309170006E168 /* SwipeOn.png in Resources */ = {isa = PBXBuildFile; fileRef = 5BB6257114E309160006E168 /* SwipeOn.png */; };
		5BB6257414E309170006E168 /* SwipeOff.png in Resources */ = {isa = PBXBuildFile; fileRef = 5BB6257214E309160006E168 /* SwipeOff.png */; };
		5BC8BD3E14F8E23500A0AB55 /* QuickActionsModeViewController.m in Sources */ = {isa = PBXBuildFile; fileRef = 5BC8BD3D14F8E23500A0AB55 /* QuickActionsModeViewController.m */; };
		5BCA31BD14E86D3600052F61 /* Tab_Scenario@2x.png in Resources */ = {isa = PBXBuildFile; fileRef = 5BCA31BB14E86D3600052F61 /* Tab_Scenario@2x.png */; };
		5BCA31BE14E86D3600052F61 /* Tab_Scenario.png in Resources */ = {isa = PBXBuildFile; fileRef = 5BCA31BC14E86D3600052F61 /* Tab_Scenario.png */; };
		5BCA31C114E9173D00052F61 /* SKGroupableEntity.m in Sources */ = {isa = PBXBuildFile; fileRef = 5BCA31C014E9173D00052F61 /* SKGroupableEntity.m */; };
		5BCA31C414E91F5200052F61 /* SKDataReceiver.m in Sources */ = {isa = PBXBuildFile; fileRef = 5BCA31C314E91F5200052F61 /* SKDataReceiver.m */; };
		5BDB647114C48BCF00D8020B /* SystemConfiguration.framework in Frameworks */ = {isa = PBXBuildFile; fileRef = 5BDB647014C48BCF00D8020B /* SystemConfiguration.framework */; };
		5BDD4FDD14BE289D000F4975 /* Toolbar_Configuration.png in Resources */ = {isa = PBXBuildFile; fileRef = 5BDD4FDB14BE289D000F4975 /* Toolbar_Configuration.png */; };
		5BDD4FDE14BE289D000F4975 /* Toolbar_Configuration@2x.png in Resources */ = {isa = PBXBuildFile; fileRef = 5BDD4FDC14BE289D000F4975 /* Toolbar_Configuration@2x.png */; };
		5BEC819E14E99F31006BA682 /* Base64Enc.m in Sources */ = {isa = PBXBuildFile; fileRef = 5BEC819D14E99F30006BA682 /* Base64Enc.m */; };
		5BECA7DF14E459EA005FA668 /* InfoWarning.png in Resources */ = {isa = PBXBuildFile; fileRef = 5BECA7DE14E459EA005FA668 /* InfoWarning.png */; };
		5BFC370914A31C600062F6E7 /* CommunicationMgr.m in Sources */ = {isa = PBXBuildFile; fileRef = 5BFC370814A31C600062F6E7 /* CommunicationMgr.m */; };
		5BFC370C14A324F30062F6E7 /* SettingsMgr.m in Sources */ = {isa = PBXBuildFile; fileRef = 5BFC370B14A324F30062F6E7 /* SettingsMgr.m */; };
		5BFC371014A333D10062F6E7 /* SKDataSource.m in Sources */ = {isa = PBXBuildFile; fileRef = 5BFC370F14A333D10062F6E7 /* SKDataSource.m */; };
		5BFC371314A334BC0062F6E7 /* XMLSKDataSourceParser.m in Sources */ = {isa = PBXBuildFile; fileRef = 5BFC371214A334BC0062F6E7 /* XMLSKDataSourceParser.m */; };
		5BFC371714A342D60062F6E7 /* SKDataSourceDataReceiver.m in Sources */ = {isa = PBXBuildFile; fileRef = 5BFC371614A342D60062F6E7 /* SKDataSourceDataReceiver.m */; };
		5BFC371E14A360090062F6E7 /* EntityRequestGenerator.m in Sources */ = {isa = PBXBuildFile; fileRef = 5BFC371D14A360090062F6E7 /* EntityRequestGenerator.m */; };
		5BFC372214A363760062F6E7 /* EntityActionRequest.m in Sources */ = {isa = PBXBuildFile; fileRef = 5BFC372114A363760062F6E7 /* EntityActionRequest.m */; };
/* End PBXBuildFile section */

/* Begin PBXFileReference section */
		5B024CA5148FA6B300ED3B6D /* SK Codebase.app */ = {isa = PBXFileReference; explicitFileType = wrapper.application; includeInIndex = 0; path = "SK Codebase.app"; sourceTree = BUILT_PRODUCTS_DIR; };
		5B024CA9148FA6B300ED3B6D /* UIKit.framework */ = {isa = PBXFileReference; lastKnownFileType = wrapper.framework; name = UIKit.framework; path = System/Library/Frameworks/UIKit.framework; sourceTree = SDKROOT; };
		5B024CAB148FA6B300ED3B6D /* Foundation.framework */ = {isa = PBXFileReference; lastKnownFileType = wrapper.framework; name = Foundation.framework; path = System/Library/Frameworks/Foundation.framework; sourceTree = SDKROOT; };
		5B024CAD148FA6B300ED3B6D /* CoreGraphics.framework */ = {isa = PBXFileReference; lastKnownFileType = wrapper.framework; name = CoreGraphics.framework; path = System/Library/Frameworks/CoreGraphics.framework; sourceTree = SDKROOT; };
		5B024CB1148FA6B300ED3B6D /* SK Codebase-Info.plist */ = {isa = PBXFileReference; lastKnownFileType = text.plist.xml; path = "SK Codebase-Info.plist"; sourceTree = "<group>"; };
		5B024CB3148FA6B300ED3B6D /* en */ = {isa = PBXFileReference; lastKnownFileType = text.plist.strings; name = en; path = en.lproj/InfoPlist.strings; sourceTree = "<group>"; };
		5B024CB5148FA6B300ED3B6D /* main.m */ = {isa = PBXFileReference; lastKnownFileType = sourcecode.c.objc; path = main.m; sourceTree = "<group>"; };
		5B024CB7148FA6B300ED3B6D /* SK Codebase-Prefix.pch */ = {isa = PBXFileReference; lastKnownFileType = sourcecode.c.h; path = "SK Codebase-Prefix.pch"; sourceTree = "<group>"; };
		5B024CB8148FA6B300ED3B6D /* AppDelegate.h */ = {isa = PBXFileReference; lastKnownFileType = sourcecode.c.h; path = AppDelegate.h; sourceTree = "<group>"; };
		5B024CB9148FA6B300ED3B6D /* AppDelegate.m */ = {isa = PBXFileReference; lastKnownFileType = sourcecode.c.objc; path = AppDelegate.m; sourceTree = "<group>"; };
		5B024CBC148FA6B300ED3B6D /* en */ = {isa = PBXFileReference; lastKnownFileType = file.storyboard; name = en; path = en.lproj/MainStoryboard_iPhone.storyboard; sourceTree = "<group>"; };
		5B024CBF148FA6B300ED3B6D /* en */ = {isa = PBXFileReference; lastKnownFileType = file.storyboard; name = en; path = en.lproj/MainStoryboard_iPad.storyboard; sourceTree = "<group>"; };
		5B024CC9148FA6F100ED3B6D /* CommunicationBase.h */ = {isa = PBXFileReference; fileEncoding = 4; lastKnownFileType = sourcecode.c.h; path = CommunicationBase.h; sourceTree = "<group>"; };
		5B024CCA148FA6F100ED3B6D /* CommunicationBase.m */ = {isa = PBXFileReference; fileEncoding = 4; lastKnownFileType = sourcecode.c.objc; path = CommunicationBase.m; sourceTree = "<group>"; };
		5B024CCD148FAC7600ED3B6D /* SKDevice.h */ = {isa = PBXFileReference; fileEncoding = 4; lastKnownFileType = sourcecode.c.h; path = SKDevice.h; sourceTree = "<group>"; };
		5B024CCE148FAC7600ED3B6D /* SKDevice.m */ = {isa = PBXFileReference; fileEncoding = 4; lastKnownFileType = sourcecode.c.objc; path = SKDevice.m; sourceTree = "<group>"; };
		5B024CD0148FB02700ED3B6D /* AuthenticationDataContainer.h */ = {isa = PBXFileReference; fileEncoding = 4; lastKnownFileType = sourcecode.c.h; path = AuthenticationDataContainer.h; sourceTree = "<group>"; };
		5B024CD1148FB02700ED3B6D /* AuthenticationDataContainer.m */ = {isa = PBXFileReference; fileEncoding = 4; lastKnownFileType = sourcecode.c.objc; path = AuthenticationDataContainer.m; sourceTree = "<group>"; };
		5B024CD5148FB54200ED3B6D /* XMLSKDeviceParser.h */ = {isa = PBXFileReference; fileEncoding = 4; lastKnownFileType = sourcecode.c.h; path = XMLSKDeviceParser.h; sourceTree = "<group>"; };
		5B024CD6148FB54200ED3B6D /* XMLSKDeviceParser.m */ = {isa = PBXFileReference; fileEncoding = 4; lastKnownFileType = sourcecode.c.objc; path = XMLSKDeviceParser.m; sourceTree = "<group>"; };
		5B024CD8148FBF8E00ED3B6D /* Constants.h */ = {isa = PBXFileReference; fileEncoding = 4; lastKnownFileType = sourcecode.c.h; path = Constants.h; sourceTree = "<group>"; };
		5B024CD9148FC12800ED3B6D /* EntityDataReceiverDelegate.h */ = {isa = PBXFileReference; fileEncoding = 4; lastKnownFileType = sourcecode.c.h; path = EntityDataReceiverDelegate.h; sourceTree = "<group>"; };
		5B024CDF148FC1DA00ED3B6D /* SKDeviceDataReceiver.h */ = {isa = PBXFileReference; fileEncoding = 4; lastKnownFileType = sourcecode.c.h; path = SKDeviceDataReceiver.h; sourceTree = "<group>"; };
		5B024CE0148FC1DA00ED3B6D /* SKDeviceDataReceiver.m */ = {isa = PBXFileReference; fileEncoding = 4; lastKnownFileType = sourcecode.c.objc; path = SKDeviceDataReceiver.m; sourceTree = "<group>"; };
		5B04A51114DFC87000C8B178 /* EventList_Dim.png */ = {isa = PBXFileReference; lastKnownFileType = image.png; path = EventList_Dim.png; sourceTree = "<group>"; };
		5B04A51214DFC87000C8B178 /* EventList_Off.png */ = {isa = PBXFileReference; lastKnownFileType = image.png; path = EventList_Off.png; sourceTree = "<group>"; };
		5B04A51314DFC87000C8B178 /* EventList_On.png */ = {isa = PBXFileReference; lastKnownFileType = image.png; path = EventList_On.png; sourceTree = "<group>"; };
		5B04A51414DFC87000C8B178 /* EventList_Scenario.png */ = {isa = PBXFileReference; lastKnownFileType = image.png; path = EventList_Scenario.png; sourceTree = "<group>"; };
		5B09208D14C07DA200BB9274 /* SettingsListViewController_iPhone.h */ = {isa = PBXFileReference; fileEncoding = 4; lastKnownFileType = sourcecode.c.h; path = SettingsListViewController_iPhone.h; sourceTree = "<group>"; };
		5B09208E14C07DA200BB9274 /* SettingsListViewController_iPhone.m */ = {isa = PBXFileReference; fileEncoding = 4; lastKnownFileType = sourcecode.c.objc; path = SettingsListViewController_iPhone.m; sourceTree = "<group>"; };
		5B09209514C090D100BB9274 /* UrlSettingStdTableViewCell.h */ = {isa = PBXFileReference; fileEncoding = 4; lastKnownFileType = sourcecode.c.h; path = UrlSettingStdTableViewCell.h; sourceTree = "<group>"; };
		5B09209614C090D100BB9274 /* UrlSettingStdTableViewCell.m */ = {isa = PBXFileReference; fileEncoding = 4; lastKnownFileType = sourcecode.c.objc; path = UrlSettingStdTableViewCell.m; sourceTree = "<group>"; };
		5B09209814C091BD00BB9274 /* NumericSettingStdTableViewCell.h */ = {isa = PBXFileReference; fileEncoding = 4; lastKnownFileType = sourcecode.c.h; path = NumericSettingStdTableViewCell.h; sourceTree = "<group>"; };
		5B09209914C091BD00BB9274 /* NumericSettingStdTableViewCell.m */ = {isa = PBXFileReference; fileEncoding = 4; lastKnownFileType = sourcecode.c.objc; path = NumericSettingStdTableViewCell.m; sourceTree = "<group>"; };
		5B09209B14C0922B00BB9274 /* SwitchSettingStdTableViewCell.h */ = {isa = PBXFileReference; fileEncoding = 4; lastKnownFileType = sourcecode.c.h; path = SwitchSettingStdTableViewCell.h; sourceTree = "<group>"; };
		5B09209C14C0922B00BB9274 /* SwitchSettingStdTableViewCell.m */ = {isa = PBXFileReference; fileEncoding = 4; lastKnownFileType = sourcecode.c.objc; path = SwitchSettingStdTableViewCell.m; sourceTree = "<group>"; };
		5B09209E14C0954500BB9274 /* ServerSettingsListViewController_iPhone.h */ = {isa = PBXFileReference; fileEncoding = 4; lastKnownFileType = sourcecode.c.h; path = ServerSettingsListViewController_iPhone.h; sourceTree = "<group>"; };
		5B09209F14C0954500BB9274 /* ServerSettingsListViewController_iPhone.m */ = {isa = PBXFileReference; fileEncoding = 4; lastKnownFileType = sourcecode.c.objc; path = ServerSettingsListViewController_iPhone.m; sourceTree = "<group>"; };
		5B0920A114C0C74D00BB9274 /* TextSettingStdTableViewCell.h */ = {isa = PBXFileReference; fileEncoding = 4; lastKnownFileType = sourcecode.c.h; path = TextSettingStdTableViewCell.h; sourceTree = "<group>"; };
		5B0920A214C0C74D00BB9274 /* TextSettingStdTableViewCell.m */ = {isa = PBXFileReference; fileEncoding = 4; lastKnownFileType = sourcecode.c.objc; path = TextSettingStdTableViewCell.m; sourceTree = "<group>"; };
		5B0920A414C0C7B200BB9274 /* PasswordSettingStdTableViewCell.h */ = {isa = PBXFileReference; fileEncoding = 4; lastKnownFileType = sourcecode.c.h; path = PasswordSettingStdTableViewCell.h; sourceTree = "<group>"; };
		5B0920A514C0C7B200BB9274 /* PasswordSettingStdTableViewCell.m */ = {isa = PBXFileReference; fileEncoding = 4; lastKnownFileType = sourcecode.c.objc; path = PasswordSettingStdTableViewCell.m; sourceTree = "<group>"; };
		5B166F3214B9E11F00563CB1 /* SKDeviceBaseStdTableViewCell.h */ = {isa = PBXFileReference; fileEncoding = 4; lastKnownFileType = sourcecode.c.h; path = SKDeviceBaseStdTableViewCell.h; sourceTree = "<group>"; };
		5B166F3314B9E11F00563CB1 /* SKDeviceBaseStdTableViewCell.m */ = {isa = PBXFileReference; fileEncoding = 4; lastKnownFileType = sourcecode.c.objc; path = SKDeviceBaseStdTableViewCell.m; sourceTree = "<group>"; };
		5B2C42C0149385B50020A2CD /* DataReceivedDelegate.h */ = {isa = PBXFileReference; fileEncoding = 4; lastKnownFileType = sourcecode.c.h; path = DataReceivedDelegate.h; sourceTree = "<group>"; };
		5B2C42C514938F660020A2CD /* EntityStore.h */ = {isa = PBXFileReference; fileEncoding = 4; lastKnownFileType = sourcecode.c.h; path = EntityStore.h; sourceTree = "<group>"; };
		5B2C42C614938F660020A2CD /* EntityStore.m */ = {isa = PBXFileReference; fileEncoding = 4; lastKnownFileType = sourcecode.c.objc; path = EntityStore.m; sourceTree = "<group>"; };
		5B2C42CA149390150020A2CD /* EntityStoreDelegate.h */ = {isa = PBXFileReference; fileEncoding = 4; lastKnownFileType = sourcecode.c.h; path = EntityStoreDelegate.h; sourceTree = "<group>"; };
		5B2C42CB1493903D0020A2CD /* SKDeviceStoreDelegate.h */ = {isa = PBXFileReference; fileEncoding = 4; lastKnownFileType = sourcecode.c.h; path = SKDeviceStoreDelegate.h; sourceTree = "<group>"; };
		5B2C42CC149390710020A2CD /* SKEntity.h */ = {isa = PBXFileReference; fileEncoding = 4; lastKnownFileType = sourcecode.c.h; path = SKEntity.h; sourceTree = "<group>"; };
		5B2C42CD149390710020A2CD /* SKEntity.m */ = {isa = PBXFileReference; fileEncoding = 4; lastKnownFileType = sourcecode.c.objc; path = SKEntity.m; sourceTree = "<group>"; };
		5B33272014ADB575002A263A /* GTMNSString+HTML.h */ = {isa = PBXFileReference; fileEncoding = 4; lastKnownFileType = sourcecode.c.h; path = "GTMNSString+HTML.h"; sourceTree = "<group>"; };
		5B33272114ADB575002A263A /* GTMNSString+HTML.m */ = {isa = PBXFileReference; fileEncoding = 4; lastKnownFileType = sourcecode.c.objc; path = "GTMNSString+HTML.m"; sourceTree = "<group>"; };
		5B33272214ADB575002A263A /* NSString+HTML.h */ = {isa = PBXFileReference; fileEncoding = 4; lastKnownFileType = sourcecode.c.h; path = "NSString+HTML.h"; sourceTree = "<group>"; };
		5B33272314ADB575002A263A /* NSString+HTML.m */ = {isa = PBXFileReference; fileEncoding = 4; lastKnownFileType = sourcecode.c.objc; path = "NSString+HTML.m"; sourceTree = "<group>"; };
		5B33272714ADD02A002A263A /* EntityHttpReqNotificationData.h */ = {isa = PBXFileReference; fileEncoding = 4; lastKnownFileType = sourcecode.c.h; path = EntityHttpReqNotificationData.h; sourceTree = "<group>"; };
		5B33272814ADD02A002A263A /* EntityHttpReqNotificationData.m */ = {isa = PBXFileReference; fileEncoding = 4; lastKnownFileType = sourcecode.c.objc; path = EntityHttpReqNotificationData.m; sourceTree = "<group>"; };
		5B38B4BF14CD9407002A3275 /* MaxUpcomingEventsListViewController.h */ = {isa = PBXFileReference; fileEncoding = 4; lastKnownFileType = sourcecode.c.h; path = MaxUpcomingEventsListViewController.h; sourceTree = "<group>"; };
		5B38B4C014CD9407002A3275 /* MaxUpcomingEventsListViewController.m */ = {isa = PBXFileReference; fileEncoding = 4; lastKnownFileType = sourcecode.c.objc; path = MaxUpcomingEventsListViewController.m; sourceTree = "<group>"; };
		5B38B4C314CD942B002A3275 /* RefreshIntervalListViewController.h */ = {isa = PBXFileReference; fileEncoding = 4; lastKnownFileType = sourcecode.c.h; path = RefreshIntervalListViewController.h; sourceTree = "<group>"; };
		5B38B4C414CD942B002A3275 /* RefreshIntervalListViewController.m */ = {isa = PBXFileReference; fileEncoding = 4; lastKnownFileType = sourcecode.c.objc; path = RefreshIntervalListViewController.m; sourceTree = "<group>"; };
		5B38B4C614CD944A002A3275 /* RefreshAfterCommandListViewController.h */ = {isa = PBXFileReference; fileEncoding = 4; lastKnownFileType = sourcecode.c.h; path = RefreshAfterCommandListViewController.h; sourceTree = "<group>"; };
		5B38B4C714CD944A002A3275 /* RefreshAfterCommandListViewController.m */ = {isa = PBXFileReference; fileEncoding = 4; lastKnownFileType = sourcecode.c.objc; path = RefreshAfterCommandListViewController.m; sourceTree = "<group>"; };
		5B38B4C914CDBB37002A3275 /* Icon.png */ = {isa = PBXFileReference; lastKnownFileType = image.png; path = Icon.png; sourceTree = "<group>"; };
		5B38B4CA14CDBB37002A3275 /* Icon@2x.png */ = {isa = PBXFileReference; lastKnownFileType = image.png; path = "Icon@2x.png"; sourceTree = "<group>"; };
		5B38B4CD14CDBC29002A3275 /* Default.png */ = {isa = PBXFileReference; lastKnownFileType = image.png; path = Default.png; sourceTree = "<group>"; };
		5B396B4F14B39A3000A590FB /* ImagePathHelper.h */ = {isa = PBXFileReference; fileEncoding = 4; lastKnownFileType = sourcecode.c.h; path = ImagePathHelper.h; sourceTree = "<group>"; };
		5B396B5014B39A3000A590FB /* ImagePathHelper.m */ = {isa = PBXFileReference; fileEncoding = 4; lastKnownFileType = sourcecode.c.objc; path = ImagePathHelper.m; sourceTree = "<group>"; };
		5B396B5214B3A9B400A590FB /* TextHelper.h */ = {isa = PBXFileReference; fileEncoding = 4; lastKnownFileType = sourcecode.c.h; path = TextHelper.h; sourceTree = "<group>"; };
		5B396B5314B3A9B400A590FB /* TextHelper.m */ = {isa = PBXFileReference; fileEncoding = 4; lastKnownFileType = sourcecode.c.objc; path = TextHelper.m; sourceTree = "<group>"; };
		5B396B5514B3AF0800A590FB /* Localizable.strings */ = {isa = PBXFileReference; fileEncoding = 4; lastKnownFileType = text.plist.strings; path = Localizable.strings; sourceTree = "<group>"; };
		5B396B5E14B3AFA100A590FB /* en */ = {isa = PBXFileReference; lastKnownFileType = text.plist.strings; name = en; path = en.lproj/Texts.strings; sourceTree = "<group>"; };
		5B396B6014B3AFCD00A590FB /* sv */ = {isa = PBXFileReference; lastKnownFileType = text.plist.strings; name = sv; path = sv.lproj/Texts.strings; sourceTree = "<group>"; };
		5B3E30BB14E02A9000AA6517 /* SKTabBarControllerDelegate_iPhone.h */ = {isa = PBXFileReference; fileEncoding = 4; lastKnownFileType = sourcecode.c.h; path = SKTabBarControllerDelegate_iPhone.h; sourceTree = "<group>"; };
		5B3E30BC14E02A9000AA6517 /* SKTabBarControllerDelegate_iPhone.m */ = {isa = PBXFileReference; fileEncoding = 4; lastKnownFileType = sourcecode.c.objc; path = SKTabBarControllerDelegate_iPhone.m; sourceTree = "<group>"; };
		5B5D3D7C14D6952F007882E0 /* DataSourceListViewController_iPhone.h */ = {isa = PBXFileReference; fileEncoding = 4; lastKnownFileType = sourcecode.c.h; path = DataSourceListViewController_iPhone.h; sourceTree = "<group>"; };
		5B5D3D7D14D6952F007882E0 /* DataSourceListViewController_iPhone.m */ = {isa = PBXFileReference; fileEncoding = 4; lastKnownFileType = sourcecode.c.objc; path = DataSourceListViewController_iPhone.m; sourceTree = "<group>"; };
		5B5D3D8014D69AC8007882E0 /* SKDataSourceGroup.h */ = {isa = PBXFileReference; fileEncoding = 4; lastKnownFileType = sourcecode.c.h; path = SKDataSourceGroup.h; sourceTree = "<group>"; };
		5B5D3D8114D69AC8007882E0 /* SKDataSourceGroup.m */ = {isa = PBXFileReference; fileEncoding = 4; lastKnownFileType = sourcecode.c.objc; path = SKDataSourceGroup.m; sourceTree = "<group>"; };
		5B5D3D8314D6A597007882E0 /* SKDataSourceBaseStdTableViewCell.h */ = {isa = PBXFileReference; fileEncoding = 4; lastKnownFileType = sourcecode.c.h; path = SKDataSourceBaseStdTableViewCell.h; sourceTree = "<group>"; };
		5B5D3D8414D6A597007882E0 /* SKDataSourceBaseStdTableViewCell.m */ = {isa = PBXFileReference; fileEncoding = 4; lastKnownFileType = sourcecode.c.objc; path = SKDataSourceBaseStdTableViewCell.m; sourceTree = "<group>"; };
		5B5D3D8614D6A6BC007882E0 /* SKDataSourceStdTableViewCell.h */ = {isa = PBXFileReference; fileEncoding = 4; lastKnownFileType = sourcecode.c.h; path = SKDataSourceStdTableViewCell.h; sourceTree = "<group>"; };
		5B5D3D8714D6A6BC007882E0 /* SKDataSourceStdTableViewCell.m */ = {isa = PBXFileReference; fileEncoding = 4; lastKnownFileType = sourcecode.c.objc; path = SKDataSourceStdTableViewCell.m; sourceTree = "<group>"; };
		5B5D3D8914D6A6D3007882E0 /* SKDataSourceGroupStdTableViewCell.h */ = {isa = PBXFileReference; fileEncoding = 4; lastKnownFileType = sourcecode.c.h; path = SKDataSourceGroupStdTableViewCell.h; sourceTree = "<group>"; };
		5B5D3D8A14D6A6D3007882E0 /* SKDataSourceGroupStdTableViewCell.m */ = {isa = PBXFileReference; fileEncoding = 4; lastKnownFileType = sourcecode.c.objc; path = SKDataSourceGroupStdTableViewCell.m; sourceTree = "<group>"; };
		5B5D3D8C14D6A89F007882E0 /* DataSourceDetailController_iPhone.h */ = {isa = PBXFileReference; fileEncoding = 4; lastKnownFileType = sourcecode.c.h; path = DataSourceDetailController_iPhone.h; sourceTree = "<group>"; };
		5B5D3D8D14D6A89F007882E0 /* DataSourceDetailController_iPhone.m */ = {isa = PBXFileReference; fileEncoding = 4; lastKnownFileType = sourcecode.c.objc; path = DataSourceDetailController_iPhone.m; sourceTree = "<group>"; };
		5B5D3D8F14D6B537007882E0 /* StateHelper.h */ = {isa = PBXFileReference; fileEncoding = 4; lastKnownFileType = sourcecode.c.h; path = StateHelper.h; sourceTree = "<group>"; };
		5B5D3D9014D6B537007882E0 /* StateHelper.m */ = {isa = PBXFileReference; fileEncoding = 4; lastKnownFileType = sourcecode.c.objc; path = StateHelper.m; sourceTree = "<group>"; };
		5B5D412B14E004DC00759648 /* SwipeInfoViewController.h */ = {isa = PBXFileReference; fileEncoding = 4; lastKnownFileType = sourcecode.c.h; path = SwipeInfoViewController.h; sourceTree = "<group>"; };
		5B5D412C14E004DC00759648 /* SwipeInfoViewController.m */ = {isa = PBXFileReference; fileEncoding = 4; lastKnownFileType = sourcecode.c.objc; path = SwipeInfoViewController.m; sourceTree = "<group>"; };
		5B5D412D14E004DC00759648 /* SwipeInfoViewController.xib */ = {isa = PBXFileReference; fileEncoding = 4; lastKnownFileType = file.xib; path = SwipeInfoViewController.xib; sourceTree = "<group>"; };
		5B639CA014964A1B002D7F8F /* Tab_ComingUp.png */ = {isa = PBXFileReference; lastKnownFileType = image.png; path = Tab_ComingUp.png; sourceTree = "<group>"; };
		5B639CA114964A1B002D7F8F /* Tab_ComingUp@2x.png */ = {isa = PBXFileReference; lastKnownFileType = image.png; path = "Tab_ComingUp@2x.png"; sourceTree = "<group>"; };
		5B639CA214964A1B002D7F8F /* Tab_DataSources.png */ = {isa = PBXFileReference; lastKnownFileType = image.png; path = Tab_DataSources.png; sourceTree = "<group>"; };
		5B639CA314964A1B002D7F8F /* Tab_DataSources@2x.png */ = {isa = PBXFileReference; lastKnownFileType = image.png; path = "Tab_DataSources@2x.png"; sourceTree = "<group>"; };
		5B639CA414964A1B002D7F8F /* Tab_Devices.png */ = {isa = PBXFileReference; lastKnownFileType = image.png; path = Tab_Devices.png; sourceTree = "<group>"; };
		5B639CA514964A1B002D7F8F /* Tab_Devices@2x.png */ = {isa = PBXFileReference; lastKnownFileType = image.png; path = "Tab_Devices@2x.png"; sourceTree = "<group>"; };
		5B639CB014964E2A002D7F8F /* DeviceListViewController.h */ = {isa = PBXFileReference; fileEncoding = 4; lastKnownFileType = sourcecode.c.h; path = DeviceListViewController.h; sourceTree = "<group>"; };
		5B639CB114964E2A002D7F8F /* DeviceListViewController.m */ = {isa = PBXFileReference; fileEncoding = 4; lastKnownFileType = sourcecode.c.objc; path = DeviceListViewController.m; sourceTree = "<group>"; };
		5B64DF6A14D9738B00D36647 /* SKEvent.h */ = {isa = PBXFileReference; fileEncoding = 4; lastKnownFileType = sourcecode.c.h; path = SKEvent.h; sourceTree = "<group>"; };
		5B64DF6B14D9738B00D36647 /* SKEvent.m */ = {isa = PBXFileReference; fileEncoding = 4; lastKnownFileType = sourcecode.c.objc; path = SKEvent.m; sourceTree = "<group>"; };
		5B64DF6E14D977E800D36647 /* SKEventDataReceiver.h */ = {isa = PBXFileReference; fileEncoding = 4; lastKnownFileType = sourcecode.c.h; path = SKEventDataReceiver.h; sourceTree = "<group>"; };
		5B64DF6F14D977E800D36647 /* SKEventDataReceiver.m */ = {isa = PBXFileReference; fileEncoding = 4; lastKnownFileType = sourcecode.c.objc; path = SKEventDataReceiver.m; sourceTree = "<group>"; };
		5B64DF7114D9784000D36647 /* XMLSKEventParser.h */ = {isa = PBXFileReference; fileEncoding = 4; lastKnownFileType = sourcecode.c.h; path = XMLSKEventParser.h; sourceTree = "<group>"; };
		5B64DF7214D9784000D36647 /* XMLSKEventParser.m */ = {isa = PBXFileReference; fileEncoding = 4; lastKnownFileType = sourcecode.c.objc; path = XMLSKEventParser.m; sourceTree = "<group>"; };
		5B64DF7414D979F700D36647 /* SKEventStoreDelegate.h */ = {isa = PBXFileReference; fileEncoding = 4; lastKnownFileType = sourcecode.c.h; path = SKEventStoreDelegate.h; sourceTree = "<group>"; };
		5B64DF7514D9D47B00D36647 /* EventListViewController_iPhone.h */ = {isa = PBXFileReference; fileEncoding = 4; lastKnownFileType = sourcecode.c.h; path = EventListViewController_iPhone.h; sourceTree = "<group>"; };
		5B64DF7614D9D47B00D36647 /* EventListViewController_iPhone.m */ = {isa = PBXFileReference; fileEncoding = 4; lastKnownFileType = sourcecode.c.objc; path = EventListViewController_iPhone.m; sourceTree = "<group>"; };
		5B64DF7814D9D6D800D36647 /* SKEventTableViewCell.h */ = {isa = PBXFileReference; fileEncoding = 4; lastKnownFileType = sourcecode.c.h; path = SKEventTableViewCell.h; sourceTree = "<group>"; };
		5B64DF7914D9D6D800D36647 /* SKEventTableViewCell.m */ = {isa = PBXFileReference; fileEncoding = 4; lastKnownFileType = sourcecode.c.objc; path = SKEventTableViewCell.m; sourceTree = "<group>"; };
		5B64DF7B14D9D6F900D36647 /* SKEventBaseStdTableViewCell.h */ = {isa = PBXFileReference; fileEncoding = 4; lastKnownFileType = sourcecode.c.h; path = SKEventBaseStdTableViewCell.h; sourceTree = "<group>"; };
		5B64DF7C14D9D6F900D36647 /* SKEventBaseStdTableViewCell.m */ = {isa = PBXFileReference; fileEncoding = 4; lastKnownFileType = sourcecode.c.objc; path = SKEventBaseStdTableViewCell.m; sourceTree = "<group>"; };
		5B71ACE214EAFA1F009352DD /* XMLSKLiveDaysLeftParser.h */ = {isa = PBXFileReference; fileEncoding = 4; lastKnownFileType = sourcecode.c.h; path = XMLSKLiveDaysLeftParser.h; sourceTree = "<group>"; };
		5B71ACE314EAFA1F009352DD /* XMLSKLiveDaysLeftParser.m */ = {isa = PBXFileReference; fileEncoding = 4; lastKnownFileType = sourcecode.c.objc; path = XMLSKLiveDaysLeftParser.m; sourceTree = "<group>"; };
		5B71ACE514EAFCB4009352DD /* SKLiveDaysLeftReceiver.h */ = {isa = PBXFileReference; fileEncoding = 4; lastKnownFileType = sourcecode.c.h; path = SKLiveDaysLeftReceiver.h; sourceTree = "<group>"; };
		5B71ACE614EAFCB4009352DD /* SKLiveDaysLeftReceiver.m */ = {isa = PBXFileReference; fileEncoding = 4; lastKnownFileType = sourcecode.c.objc; path = SKLiveDaysLeftReceiver.m; sourceTree = "<group>"; };
		5B8027E9149BAC3800F3909E /* SKDeviceStdTableViewCell.h */ = {isa = PBXFileReference; fileEncoding = 4; lastKnownFileType = sourcecode.c.h; path = SKDeviceStdTableViewCell.h; sourceTree = "<group>"; };
		5B8027EA149BAC3800F3909E /* SKDeviceStdTableViewCell.m */ = {isa = PBXFileReference; fileEncoding = 4; lastKnownFileType = sourcecode.c.objc; path = SKDeviceStdTableViewCell.m; sourceTree = "<group>"; };
		5B8027ED14A219DD00F3909E /* DataSourceList_StatusError.png */ = {isa = PBXFileReference; lastKnownFileType = image.png; path = DataSourceList_StatusError.png; sourceTree = "<group>"; };
		5B8027EE14A219DD00F3909E /* DataSourceList_StatusOK.png */ = {isa = PBXFileReference; lastKnownFileType = image.png; path = DataSourceList_StatusOK.png; sourceTree = "<group>"; };
		5B8027EF14A219DD00F3909E /* DataSourceList_StatusWarning.png */ = {isa = PBXFileReference; lastKnownFileType = image.png; path = DataSourceList_StatusWarning.png; sourceTree = "<group>"; };
		5B8027F014A219DD00F3909E /* DeviceList_Dim.png */ = {isa = PBXFileReference; lastKnownFileType = image.png; path = DeviceList_Dim.png; sourceTree = "<group>"; };
		5B8027F114A219DD00F3909E /* DeviceList_DimFrozen.png */ = {isa = PBXFileReference; lastKnownFileType = image.png; path = DeviceList_DimFrozen.png; sourceTree = "<group>"; };
		5B8027F214A219DD00F3909E /* DeviceList_DimRule.png */ = {isa = PBXFileReference; lastKnownFileType = image.png; path = DeviceList_DimRule.png; sourceTree = "<group>"; };
		5B8027F314A219DD00F3909E /* DeviceList_DimScenario.png */ = {isa = PBXFileReference; lastKnownFileType = image.png; path = DeviceList_DimScenario.png; sourceTree = "<group>"; };
		5B8027F414A219DD00F3909E /* DeviceList_DimSemiAuto.png */ = {isa = PBXFileReference; lastKnownFileType = image.png; path = DeviceList_DimSemiAuto.png; sourceTree = "<group>"; };
		5B8027F514A219DD00F3909E /* DeviceList_Group.png */ = {isa = PBXFileReference; lastKnownFileType = image.png; path = DeviceList_Group.png; sourceTree = "<group>"; };
		5B8027F614A219DD00F3909E /* DeviceList_Off.png */ = {isa = PBXFileReference; lastKnownFileType = image.png; path = DeviceList_Off.png; sourceTree = "<group>"; };
		5B8027F714A219DD00F3909E /* DeviceList_OffFrozen.png */ = {isa = PBXFileReference; lastKnownFileType = image.png; path = DeviceList_OffFrozen.png; sourceTree = "<group>"; };
		5B8027F814A219DD00F3909E /* DeviceList_OffRule.png */ = {isa = PBXFileReference; lastKnownFileType = image.png; path = DeviceList_OffRule.png; sourceTree = "<group>"; };
		5B8027F914A219DD00F3909E /* DeviceList_OffScenario.png */ = {isa = PBXFileReference; lastKnownFileType = image.png; path = DeviceList_OffScenario.png; sourceTree = "<group>"; };
		5B8027FA14A219DD00F3909E /* DeviceList_OffSemiAuto.png */ = {isa = PBXFileReference; lastKnownFileType = image.png; path = DeviceList_OffSemiAuto.png; sourceTree = "<group>"; };
		5B8027FB14A219DD00F3909E /* DeviceList_On.png */ = {isa = PBXFileReference; lastKnownFileType = image.png; path = DeviceList_On.png; sourceTree = "<group>"; };
		5B8027FC14A219DD00F3909E /* DeviceList_OnFrozen.png */ = {isa = PBXFileReference; lastKnownFileType = image.png; path = DeviceList_OnFrozen.png; sourceTree = "<group>"; };
		5B8027FD14A219DD00F3909E /* DeviceList_OnRule.png */ = {isa = PBXFileReference; lastKnownFileType = image.png; path = DeviceList_OnRule.png; sourceTree = "<group>"; };
		5B8027FE14A219DD00F3909E /* DeviceList_OnScenario.png */ = {isa = PBXFileReference; lastKnownFileType = image.png; path = DeviceList_OnScenario.png; sourceTree = "<group>"; };
		5B8027FF14A219DD00F3909E /* DeviceList_OnSemiAuto.png */ = {isa = PBXFileReference; lastKnownFileType = image.png; path = DeviceList_OnSemiAuto.png; sourceTree = "<group>"; };
		5B8729EB14ED40D100492EB6 /* InfoChime.png */ = {isa = PBXFileReference; lastKnownFileType = image.png; path = InfoChime.png; sourceTree = "<group>"; };
		5BA69E5D149B43DA00D663BA /* SKDeviceGroup.h */ = {isa = PBXFileReference; fileEncoding = 4; lastKnownFileType = sourcecode.c.h; path = SKDeviceGroup.h; sourceTree = "<group>"; };
		5BA69E5E149B43DA00D663BA /* SKDeviceGroup.m */ = {isa = PBXFileReference; fileEncoding = 4; lastKnownFileType = sourcecode.c.objc; path = SKDeviceGroup.m; sourceTree = "<group>"; };
		5BA69E63149B6AA100D663BA /* SKDeviceGroupStdTableViewCell.h */ = {isa = PBXFileReference; fileEncoding = 4; lastKnownFileType = sourcecode.c.h; path = SKDeviceGroupStdTableViewCell.h; sourceTree = "<group>"; };
		5BA69E64149B6AA100D663BA /* SKDeviceGroupStdTableViewCell.m */ = {isa = PBXFileReference; fileEncoding = 4; lastKnownFileType = sourcecode.c.objc; path = SKDeviceGroupStdTableViewCell.m; sourceTree = "<group>"; };
		5BA9691814E339A000FAA66D /* SwipeCancel.png */ = {isa = PBXFileReference; lastKnownFileType = image.png; path = SwipeCancel.png; sourceTree = "<group>"; };
		5BA9691B14E3B7CC00FAA66D /* SKSystemSetting.h */ = {isa = PBXFileReference; fileEncoding = 4; lastKnownFileType = sourcecode.c.h; path = SKSystemSetting.h; sourceTree = "<group>"; };
		5BA9691C14E3B7CC00FAA66D /* SKSystemSetting.m */ = {isa = PBXFileReference; fileEncoding = 4; lastKnownFileType = sourcecode.c.objc; path = SKSystemSetting.m; sourceTree = "<group>"; };
		5BA9691E14E3B86800FAA66D /* XMLSKSystemSettingParser.h */ = {isa = PBXFileReference; fileEncoding = 4; lastKnownFileType = sourcecode.c.h; path = XMLSKSystemSettingParser.h; sourceTree = "<group>"; };
		5BA9691F14E3B86800FAA66D /* XMLSKSystemSettingParser.m */ = {isa = PBXFileReference; fileEncoding = 4; lastKnownFileType = sourcecode.c.objc; path = XMLSKSystemSettingParser.m; sourceTree = "<group>"; };
		5BA9692114E3B99700FAA66D /* XMLSKScenarioParser.h */ = {isa = PBXFileReference; fileEncoding = 4; lastKnownFileType = sourcecode.c.h; path = XMLSKScenarioParser.h; sourceTree = "<group>"; };
		5BA9692214E3B99700FAA66D /* XMLSKScenarioParser.m */ = {isa = PBXFileReference; fileEncoding = 4; lastKnownFileType = sourcecode.c.objc; path = XMLSKScenarioParser.m; sourceTree = "<group>"; };
		5BA9692414E3B9CE00FAA66D /* SKScenario.h */ = {isa = PBXFileReference; fileEncoding = 4; lastKnownFileType = sourcecode.c.h; path = SKScenario.h; sourceTree = "<group>"; };
		5BA9692514E3B9CF00FAA66D /* SKScenario.m */ = {isa = PBXFileReference; fileEncoding = 4; lastKnownFileType = sourcecode.c.objc; path = SKScenario.m; sourceTree = "<group>"; };
		5BA9692714E3C17800FAA66D /* SKScenarioDataReceiver.h */ = {isa = PBXFileReference; fileEncoding = 4; lastKnownFileType = sourcecode.c.h; path = SKScenarioDataReceiver.h; sourceTree = "<group>"; };
		5BA9692814E3C17800FAA66D /* SKScenarioDataReceiver.m */ = {isa = PBXFileReference; fileEncoding = 4; lastKnownFileType = sourcecode.c.objc; path = SKScenarioDataReceiver.m; sourceTree = "<group>"; };
		5BA9692A14E3C19400FAA66D /* SKSystemSettingDataReceiver.h */ = {isa = PBXFileReference; fileEncoding = 4; lastKnownFileType = sourcecode.c.h; path = SKSystemSettingDataReceiver.h; sourceTree = "<group>"; };
		5BA9692B14E3C19400FAA66D /* SKSystemSettingDataReceiver.m */ = {isa = PBXFileReference; fileEncoding = 4; lastKnownFileType = sourcecode.c.objc; path = SKSystemSettingDataReceiver.m; sourceTree = "<group>"; };
		5BA9692D14E3E04600FAA66D /* SKScenarioStdTableViewCell.h */ = {isa = PBXFileReference; fileEncoding = 4; lastKnownFileType = sourcecode.c.h; path = SKScenarioStdTableViewCell.h; sourceTree = "<group>"; };
		5BA9692E14E3E04600FAA66D /* SKScenarioStdTableViewCell.m */ = {isa = PBXFileReference; fileEncoding = 4; lastKnownFileType = sourcecode.c.objc; path = SKScenarioStdTableViewCell.m; sourceTree = "<group>"; };
		5BA9693314E3F6E900FAA66D /* ScenarioListViewController_iPhone.h */ = {isa = PBXFileReference; fileEncoding = 4; lastKnownFileType = sourcecode.c.h; path = ScenarioListViewController_iPhone.h; sourceTree = "<group>"; };
		5BA9693414E3F6EA00FAA66D /* ScenarioListViewController_iPhone.m */ = {isa = PBXFileReference; fileEncoding = 4; lastKnownFileType = sourcecode.c.objc; path = ScenarioListViewController_iPhone.m; sourceTree = "<group>"; };
		5BA9693614E42C7200FAA66D /* SKNavigationControllerDelegate_iPhone.h */ = {isa = PBXFileReference; fileEncoding = 4; lastKnownFileType = sourcecode.c.h; path = SKNavigationControllerDelegate_iPhone.h; sourceTree = "<group>"; };
		5BA9693714E42C7300FAA66D /* SKNavigationControllerDelegate_iPhone.m */ = {isa = PBXFileReference; fileEncoding = 4; lastKnownFileType = sourcecode.c.objc; path = SKNavigationControllerDelegate_iPhone.m; sourceTree = "<group>"; };
		5BA9693B14E4521000FAA66D /* AlertMessageView.xib */ = {isa = PBXFileReference; fileEncoding = 4; lastKnownFileType = file.xib; path = AlertMessageView.xib; sourceTree = "<group>"; };
		5BA9693E14E453C800FAA66D /* AlertMessageView.h */ = {isa = PBXFileReference; fileEncoding = 4; lastKnownFileType = sourcecode.c.h; path = AlertMessageView.h; sourceTree = "<group>"; };
		5BA9693F14E453CC00FAA66D /* AlertMessageView.m */ = {isa = PBXFileReference; fileEncoding = 4; lastKnownFileType = sourcecode.c.objc; path = AlertMessageView.m; sourceTree = "<group>"; };
		5BAEB0A114D42EE700F1B2AE /* Button_CancelSemiAuto.png */ = {isa = PBXFileReference; lastKnownFileType = image.png; path = Button_CancelSemiAuto.png; sourceTree = "<group>"; };
		5BAEB0A214D42EE700F1B2AE /* Button_Learn.png */ = {isa = PBXFileReference; lastKnownFileType = image.png; path = Button_Learn.png; sourceTree = "<group>"; };
		5BAEB0A314D42EE700F1B2AE /* Button_Synchronize.png */ = {isa = PBXFileReference; lastKnownFileType = image.png; path = Button_Synchronize.png; sourceTree = "<group>"; };
		5BAEB0A414D42EE700F1B2AE /* Button_TurnOff.png */ = {isa = PBXFileReference; lastKnownFileType = image.png; path = Button_TurnOff.png; sourceTree = "<group>"; };
		5BAEB0A514D42EE700F1B2AE /* Button_TurnOn.png */ = {isa = PBXFileReference; lastKnownFileType = image.png; path = Button_TurnOn.png; sourceTree = "<group>"; };
		5BAEB0A614D42EE700F1B2AE /* Slider_Off.png */ = {isa = PBXFileReference; lastKnownFileType = image.png; path = Slider_Off.png; sourceTree = "<group>"; };
		5BAEB0A714D42EE700F1B2AE /* Slider_On.png */ = {isa = PBXFileReference; lastKnownFileType = image.png; path = Slider_On.png; sourceTree = "<group>"; };
		5BAEB0B314D4302100F1B2AE /* DeviceDetailController_iPhone.h */ = {isa = PBXFileReference; fileEncoding = 4; lastKnownFileType = sourcecode.c.h; path = DeviceDetailController_iPhone.h; sourceTree = "<group>"; };
		5BAEB0B414D4302100F1B2AE /* DeviceDetailController_iPhone.m */ = {isa = PBXFileReference; fileEncoding = 4; lastKnownFileType = sourcecode.c.objc; path = DeviceDetailController_iPhone.m; sourceTree = "<group>"; };
		5BB6254E14E2C2EC0006E168 /* SquareView.h */ = {isa = PBXFileReference; fileEncoding = 4; lastKnownFileType = sourcecode.c.h; path = SquareView.h; sourceTree = "<group>"; };
		5BB6254F14E2C2EC0006E168 /* SquareView.m */ = {isa = PBXFileReference; fileEncoding = 4; lastKnownFileType = sourcecode.c.objc; path = SquareView.m; sourceTree = "<group>"; };
		5BB6255214E2D2260006E168 /* Project22.png */ = {isa = PBXFileReference; lastKnownFileType = image.png; path = Project22.png; sourceTree = "<group>"; };
		5BB6255914E3027D0006E168 /* SwipeDimOn.png */ = {isa = PBXFileReference; lastKnownFileType = image.png; path = SwipeDimOn.png; sourceTree = "<group>"; };
		5BB6255A14E3027D0006E168 /* SwipeDim90.png */ = {isa = PBXFileReference; lastKnownFileType = image.png; path = SwipeDim90.png; sourceTree = "<group>"; };
		5BB6255B14E3027D0006E168 /* SwipeDim80.png */ = {isa = PBXFileReference; lastKnownFileType = image.png; path = SwipeDim80.png; sourceTree = "<group>"; };
		5BB6255C14E3027D0006E168 /* SwipeDim70.png */ = {isa = PBXFileReference; lastKnownFileType = image.png; path = SwipeDim70.png; sourceTree = "<group>"; };
		5BB6255D14E3027D0006E168 /* SwipeDim60.png */ = {isa = PBXFileReference; lastKnownFileType = image.png; path = SwipeDim60.png; sourceTree = "<group>"; };
		5BB6255E14E3027D0006E168 /* SwipeDim50.png */ = {isa = PBXFileReference; lastKnownFileType = image.png; path = SwipeDim50.png; sourceTree = "<group>"; };
		5BB6255F14E3027D0006E168 /* SwipeDim40.png */ = {isa = PBXFileReference; lastKnownFileType = image.png; path = SwipeDim40.png; sourceTree = "<group>"; };
		5BB6256014E3027D0006E168 /* SwipeDim30.png */ = {isa = PBXFileReference; lastKnownFileType = image.png; path = SwipeDim30.png; sourceTree = "<group>"; };
		5BB6256114E3027D0006E168 /* SwipeDim20.png */ = {isa = PBXFileReference; lastKnownFileType = image.png; path = SwipeDim20.png; sourceTree = "<group>"; };
		5BB6256214E3027D0006E168 /* SwipeDim10.png */ = {isa = PBXFileReference; lastKnownFileType = image.png; path = SwipeDim10.png; sourceTree = "<group>"; };
		5BB6256314E3027D0006E168 /* SwipeDimOff.png */ = {isa = PBXFileReference; lastKnownFileType = image.png; path = SwipeDimOff.png; sourceTree = "<group>"; };
		5BB6257114E309160006E168 /* SwipeOn.png */ = {isa = PBXFileReference; lastKnownFileType = image.png; path = SwipeOn.png; sourceTree = "<group>"; };
		5BB6257214E309160006E168 /* SwipeOff.png */ = {isa = PBXFileReference; lastKnownFileType = image.png; path = SwipeOff.png; sourceTree = "<group>"; };
		5BC8BD3C14F8E23500A0AB55 /* QuickActionsModeViewController.h */ = {isa = PBXFileReference; fileEncoding = 4; lastKnownFileType = sourcecode.c.h; path = QuickActionsModeViewController.h; sourceTree = "<group>"; };
		5BC8BD3D14F8E23500A0AB55 /* QuickActionsModeViewController.m */ = {isa = PBXFileReference; fileEncoding = 4; lastKnownFileType = sourcecode.c.objc; path = QuickActionsModeViewController.m; sourceTree = "<group>"; };
		5BCA31BB14E86D3600052F61 /* Tab_Scenario@2x.png */ = {isa = PBXFileReference; lastKnownFileType = image.png; path = "Tab_Scenario@2x.png"; sourceTree = "<group>"; };
		5BCA31BC14E86D3600052F61 /* Tab_Scenario.png */ = {isa = PBXFileReference; lastKnownFileType = image.png; path = Tab_Scenario.png; sourceTree = "<group>"; };
		5BCA31BF14E9173D00052F61 /* SKGroupableEntity.h */ = {isa = PBXFileReference; fileEncoding = 4; lastKnownFileType = sourcecode.c.h; path = SKGroupableEntity.h; sourceTree = "<group>"; };
		5BCA31C014E9173D00052F61 /* SKGroupableEntity.m */ = {isa = PBXFileReference; fileEncoding = 4; lastKnownFileType = sourcecode.c.objc; path = SKGroupableEntity.m; sourceTree = "<group>"; };
		5BCA31C214E91F5200052F61 /* SKDataReceiver.h */ = {isa = PBXFileReference; fileEncoding = 4; lastKnownFileType = sourcecode.c.h; path = SKDataReceiver.h; sourceTree = "<group>"; };
		5BCA31C314E91F5200052F61 /* SKDataReceiver.m */ = {isa = PBXFileReference; fileEncoding = 4; lastKnownFileType = sourcecode.c.objc; path = SKDataReceiver.m; sourceTree = "<group>"; };
		5BDB647014C48BCF00D8020B /* SystemConfiguration.framework */ = {isa = PBXFileReference; lastKnownFileType = wrapper.framework; name = SystemConfiguration.framework; path = System/Library/Frameworks/SystemConfiguration.framework; sourceTree = SDKROOT; };
		5BDD4FDB14BE289D000F4975 /* Toolbar_Configuration.png */ = {isa = PBXFileReference; lastKnownFileType = image.png; path = Toolbar_Configuration.png; sourceTree = "<group>"; };
		5BDD4FDC14BE289D000F4975 /* Toolbar_Configuration@2x.png */ = {isa = PBXFileReference; lastKnownFileType = image.png; path = "Toolbar_Configuration@2x.png"; sourceTree = "<group>"; };
		5BEC819C14E99F30006BA682 /* Base64Enc.h */ = {isa = PBXFileReference; fileEncoding = 4; lastKnownFileType = sourcecode.c.h; path = Base64Enc.h; sourceTree = "<group>"; };
		5BEC819D14E99F30006BA682 /* Base64Enc.m */ = {isa = PBXFileReference; fileEncoding = 4; lastKnownFileType = sourcecode.c.objc; path = Base64Enc.m; sourceTree = "<group>"; };
		5BECA7DE14E459EA005FA668 /* InfoWarning.png */ = {isa = PBXFileReference; lastKnownFileType = image.png; path = InfoWarning.png; sourceTree = "<group>"; };
		5BFC370714A31C600062F6E7 /* CommunicationMgr.h */ = {isa = PBXFileReference; fileEncoding = 4; lastKnownFileType = sourcecode.c.h; path = CommunicationMgr.h; sourceTree = "<group>"; };
		5BFC370814A31C600062F6E7 /* CommunicationMgr.m */ = {isa = PBXFileReference; fileEncoding = 4; lastKnownFileType = sourcecode.c.objc; path = CommunicationMgr.m; sourceTree = "<group>"; };
		5BFC370A14A324F30062F6E7 /* SettingsMgr.h */ = {isa = PBXFileReference; fileEncoding = 4; lastKnownFileType = sourcecode.c.h; path = SettingsMgr.h; sourceTree = "<group>"; };
		5BFC370B14A324F30062F6E7 /* SettingsMgr.m */ = {isa = PBXFileReference; fileEncoding = 4; lastKnownFileType = sourcecode.c.objc; path = SettingsMgr.m; sourceTree = "<group>"; };
		5BFC370E14A333D10062F6E7 /* SKDataSource.h */ = {isa = PBXFileReference; fileEncoding = 4; lastKnownFileType = sourcecode.c.h; path = SKDataSource.h; sourceTree = "<group>"; };
		5BFC370F14A333D10062F6E7 /* SKDataSource.m */ = {isa = PBXFileReference; fileEncoding = 4; lastKnownFileType = sourcecode.c.objc; path = SKDataSource.m; sourceTree = "<group>"; };
		5BFC371114A334BC0062F6E7 /* XMLSKDataSourceParser.h */ = {isa = PBXFileReference; fileEncoding = 4; lastKnownFileType = sourcecode.c.h; path = XMLSKDataSourceParser.h; sourceTree = "<group>"; };
		5BFC371214A334BC0062F6E7 /* XMLSKDataSourceParser.m */ = {isa = PBXFileReference; fileEncoding = 4; lastKnownFileType = sourcecode.c.objc; path = XMLSKDataSourceParser.m; sourceTree = "<group>"; };
		5BFC371414A335980062F6E7 /* SKDataSourceStoreDelegate.h */ = {isa = PBXFileReference; fileEncoding = 4; lastKnownFileType = sourcecode.c.h; path = SKDataSourceStoreDelegate.h; sourceTree = "<group>"; };
		5BFC371514A342D60062F6E7 /* SKDataSourceDataReceiver.h */ = {isa = PBXFileReference; fileEncoding = 4; lastKnownFileType = sourcecode.c.h; path = SKDataSourceDataReceiver.h; sourceTree = "<group>"; };
		5BFC371614A342D60062F6E7 /* SKDataSourceDataReceiver.m */ = {isa = PBXFileReference; fileEncoding = 4; lastKnownFileType = sourcecode.c.objc; path = SKDataSourceDataReceiver.m; sourceTree = "<group>"; };
		5BFC371C14A360090062F6E7 /* EntityRequestGenerator.h */ = {isa = PBXFileReference; fileEncoding = 4; lastKnownFileType = sourcecode.c.h; path = EntityRequestGenerator.h; sourceTree = "<group>"; };
		5BFC371D14A360090062F6E7 /* EntityRequestGenerator.m */ = {isa = PBXFileReference; fileEncoding = 4; lastKnownFileType = sourcecode.c.objc; path = EntityRequestGenerator.m; sourceTree = "<group>"; };
		5BFC372014A363760062F6E7 /* EntityActionRequest.h */ = {isa = PBXFileReference; fileEncoding = 4; lastKnownFileType = sourcecode.c.h; path = EntityActionRequest.h; sourceTree = "<group>"; };
		5BFC372114A363760062F6E7 /* EntityActionRequest.m */ = {isa = PBXFileReference; fileEncoding = 4; lastKnownFileType = sourcecode.c.objc; path = EntityActionRequest.m; sourceTree = "<group>"; };
		5BFC372314A3696D0062F6E7 /* EntityActionRequestDelegate.h */ = {isa = PBXFileReference; fileEncoding = 4; lastKnownFileType = sourcecode.c.h; path = EntityActionRequestDelegate.h; sourceTree = "<group>"; };
/* End PBXFileReference section */

/* Begin PBXFrameworksBuildPhase section */
		5B024CA2148FA6B300ED3B6D /* Frameworks */ = {
			isa = PBXFrameworksBuildPhase;
			buildActionMask = 2147483647;
			files = (
				5BDB647114C48BCF00D8020B /* SystemConfiguration.framework in Frameworks */,
				5B024CAA148FA6B300ED3B6D /* UIKit.framework in Frameworks */,
				5B024CAC148FA6B300ED3B6D /* Foundation.framework in Frameworks */,
				5B024CAE148FA6B300ED3B6D /* CoreGraphics.framework in Frameworks */,
			);
			runOnlyForDeploymentPostprocessing = 0;
		};
/* End PBXFrameworksBuildPhase section */

/* Begin PBXGroup section */
		5B024C9A148FA6B300ED3B6D = {
			isa = PBXGroup;
			children = (
				5BDB647014C48BCF00D8020B /* SystemConfiguration.framework */,
				5B396B5F14B3AFA100A590FB /* Texts.strings */,
				5B396B5514B3AF0800A590FB /* Localizable.strings */,
				5B024CAF148FA6B300ED3B6D /* SK Codebase */,
				5B024CA8148FA6B300ED3B6D /* Frameworks */,
				5B024CA6148FA6B300ED3B6D /* Products */,
			);
			sourceTree = "<group>";
		};
		5B024CA6148FA6B300ED3B6D /* Products */ = {
			isa = PBXGroup;
			children = (
				5B024CA5148FA6B300ED3B6D /* SK Codebase.app */,
			);
			name = Products;
			sourceTree = "<group>";
		};
		5B024CA8148FA6B300ED3B6D /* Frameworks */ = {
			isa = PBXGroup;
			children = (
				5B024CA9148FA6B300ED3B6D /* UIKit.framework */,
				5B024CAB148FA6B300ED3B6D /* Foundation.framework */,
				5B024CAD148FA6B300ED3B6D /* CoreGraphics.framework */,
			);
			name = Frameworks;
			sourceTree = "<group>";
		};
		5B024CAF148FA6B300ED3B6D /* SK Codebase */ = {
			isa = PBXGroup;
			children = (
				5BCA31C514E94A5400052F61 /* Views */,
				5BA9693B14E4521000FAA66D /* AlertMessageView.xib */,
				5BA9693E14E453C800FAA66D /* AlertMessageView.h */,
				5BA9693F14E453CC00FAA66D /* AlertMessageView.m */,
				5B3E30BA14E02A7600AA6517 /* Delegates */,
				5BA69E61149B69EA00D663BA /* Classes */,
				5B024CC9148FA6F100ED3B6D /* CommunicationBase.h */,
				5B024CCA148FA6F100ED3B6D /* CommunicationBase.m */,
				5B396B4D14B39A0D00A590FB /* Helpers */,
				5B33272614ADD004002A263A /* NotificationData */,
				5B33272014ADB575002A263A /* GTMNSString+HTML.h */,
				5B33272114ADB575002A263A /* GTMNSString+HTML.m */,
				5B33272214ADB575002A263A /* NSString+HTML.h */,
				5B33272314ADB575002A263A /* NSString+HTML.m */,
				5BFC371F14A363560062F6E7 /* Requests */,
				5BFC371B14A35FF00062F6E7 /* RequestGenerators */,
				5B024CD3148FB4F300ED3B6D /* Parsers */,
				5BFC370D14A3339E0062F6E7 /* Models */,
				5BA69E62149B6A0600D663BA /* TableCells */,
				5BFC370714A31C600062F6E7 /* CommunicationMgr.h */,
				5BFC370814A31C600062F6E7 /* CommunicationMgr.m */,
				5BFC370A14A324F30062F6E7 /* SettingsMgr.h */,
				5BFC370B14A324F30062F6E7 /* SettingsMgr.m */,
				5B639CAC14964A99002D7F8F /* ViewControllers */,
				5B639CB014964E2A002D7F8F /* DeviceListViewController.h */,
				5B639CB114964E2A002D7F8F /* DeviceListViewController.m */,
				5B09208D14C07DA200BB9274 /* SettingsListViewController_iPhone.h */,
				5B09208E14C07DA200BB9274 /* SettingsListViewController_iPhone.m */,
				5B09209E14C0954500BB9274 /* ServerSettingsListViewController_iPhone.h */,
				5B09209F14C0954500BB9274 /* ServerSettingsListViewController_iPhone.m */,
				5B38B4BF14CD9407002A3275 /* MaxUpcomingEventsListViewController.h */,
				5B38B4C014CD9407002A3275 /* MaxUpcomingEventsListViewController.m */,
				5B38B4C314CD942B002A3275 /* RefreshIntervalListViewController.h */,
				5B38B4C414CD942B002A3275 /* RefreshIntervalListViewController.m */,
				5B38B4C614CD944A002A3275 /* RefreshAfterCommandListViewController.h */,
				5B38B4C714CD944A002A3275 /* RefreshAfterCommandListViewController.m */,
				5BAEB0B314D4302100F1B2AE /* DeviceDetailController_iPhone.h */,
				5BAEB0B414D4302100F1B2AE /* DeviceDetailController_iPhone.m */,
				5B5D3D7C14D6952F007882E0 /* DataSourceListViewController_iPhone.h */,
				5B5D3D7D14D6952F007882E0 /* DataSourceListViewController_iPhone.m */,
				5B5D3D8C14D6A89F007882E0 /* DataSourceDetailController_iPhone.h */,
				5B5D3D8D14D6A89F007882E0 /* DataSourceDetailController_iPhone.m */,
				5B64DF7514D9D47B00D36647 /* EventListViewController_iPhone.h */,
				5B64DF7614D9D47B00D36647 /* EventListViewController_iPhone.m */,
				5B5D412B14E004DC00759648 /* SwipeInfoViewController.h */,
				5B5D412C14E004DC00759648 /* SwipeInfoViewController.m */,
				5B5D412D14E004DC00759648 /* SwipeInfoViewController.xib */,
				5BA9693314E3F6E900FAA66D /* ScenarioListViewController_iPhone.h */,
				5BA9693414E3F6EA00FAA66D /* ScenarioListViewController_iPhone.m */,
				5B639C9314963B12002D7F8F /* Resources */,
				5B2C42C414938F480020A2CD /* Stores */,
				5B2C42C21493876B0020A2CD /* Communication */,
				5B024CE2148FC5A800ED3B6D /* Protocols */,
				5B024CD9148FC12800ED3B6D /* EntityDataReceiverDelegate.h */,
				5B024CCC148FAC5E00ED3B6D /* ServerEntities */,
				5B024CB8148FA6B300ED3B6D /* AppDelegate.h */,
				5B024CB9148FA6B300ED3B6D /* AppDelegate.m */,
				5B024CBB148FA6B300ED3B6D /* MainStoryboard_iPhone.storyboard */,
				5B024CBE148FA6B300ED3B6D /* MainStoryboard_iPad.storyboard */,
				5B024CB0148FA6B300ED3B6D /* Supporting Files */,
				5B024CD0148FB02700ED3B6D /* AuthenticationDataContainer.h */,
				5B024CD1148FB02700ED3B6D /* AuthenticationDataContainer.m */,
				5B024CD8148FBF8E00ED3B6D /* Constants.h */,
				5BB6254E14E2C2EC0006E168 /* SquareView.h */,
				5BB6254F14E2C2EC0006E168 /* SquareView.m */,
				5BEC819C14E99F30006BA682 /* Base64Enc.h */,
				5BEC819D14E99F30006BA682 /* Base64Enc.m */,
			);
			path = "SK Codebase";
			sourceTree = "<group>";
		};
		5B024CB0148FA6B300ED3B6D /* Supporting Files */ = {
			isa = PBXGroup;
			children = (
				5B024CB1148FA6B300ED3B6D /* SK Codebase-Info.plist */,
				5B024CB2148FA6B300ED3B6D /* InfoPlist.strings */,
				5B024CB5148FA6B300ED3B6D /* main.m */,
				5B024CB7148FA6B300ED3B6D /* SK Codebase-Prefix.pch */,
			);
			name = "Supporting Files";
			sourceTree = "<group>";
		};
		5B024CCC148FAC5E00ED3B6D /* ServerEntities */ = {
			isa = PBXGroup;
			children = (
			);
			name = ServerEntities;
			sourceTree = "<group>";
		};
		5B024CD3148FB4F300ED3B6D /* Parsers */ = {
			isa = PBXGroup;
			children = (
				5B024CD4148FB4FD00ED3B6D /* Xml */,
			);
			name = Parsers;
			sourceTree = "<group>";
		};
		5B024CD4148FB4FD00ED3B6D /* Xml */ = {
			isa = PBXGroup;
			children = (
				5B64DF7114D9784000D36647 /* XMLSKEventParser.h */,
				5B64DF7214D9784000D36647 /* XMLSKEventParser.m */,
				5B024CD5148FB54200ED3B6D /* XMLSKDeviceParser.h */,
				5BFC371214A334BC0062F6E7 /* XMLSKDataSourceParser.m */,
				5B024CD6148FB54200ED3B6D /* XMLSKDeviceParser.m */,
				5BFC371114A334BC0062F6E7 /* XMLSKDataSourceParser.h */,
				5BA9691E14E3B86800FAA66D /* XMLSKSystemSettingParser.h */,
				5BA9691F14E3B86800FAA66D /* XMLSKSystemSettingParser.m */,
				5BA9692114E3B99700FAA66D /* XMLSKScenarioParser.h */,
				5BA9692214E3B99700FAA66D /* XMLSKScenarioParser.m */,
				5B71ACE214EAFA1F009352DD /* XMLSKLiveDaysLeftParser.h */,
				5B71ACE314EAFA1F009352DD /* XMLSKLiveDaysLeftParser.m */,
			);
			name = Xml;
			sourceTree = "<group>";
		};
		5B024CE2148FC5A800ED3B6D /* Protocols */ = {
			isa = PBXGroup;
			children = (
			);
			name = Protocols;
			sourceTree = "<group>";
		};
		5B09209414C090A000BB9274 /* Settings */ = {
			isa = PBXGroup;
			children = (
				5B09209514C090D100BB9274 /* UrlSettingStdTableViewCell.h */,
				5B09209614C090D100BB9274 /* UrlSettingStdTableViewCell.m */,
				5B09209814C091BD00BB9274 /* NumericSettingStdTableViewCell.h */,
				5B09209914C091BD00BB9274 /* NumericSettingStdTableViewCell.m */,
				5B09209B14C0922B00BB9274 /* SwitchSettingStdTableViewCell.h */,
				5B09209C14C0922B00BB9274 /* SwitchSettingStdTableViewCell.m */,
				5B0920A114C0C74D00BB9274 /* TextSettingStdTableViewCell.h */,
				5B0920A214C0C74D00BB9274 /* TextSettingStdTableViewCell.m */,
				5B0920A414C0C7B200BB9274 /* PasswordSettingStdTableViewCell.h */,
				5B0920A514C0C7B200BB9274 /* PasswordSettingStdTableViewCell.m */,
			);
			name = Settings;
			sourceTree = "<group>";
		};
		5B2C42C21493876B0020A2CD /* Communication */ = {
			isa = PBXGroup;
			children = (
				5B024CDF148FC1DA00ED3B6D /* SKDeviceDataReceiver.h */,
				5B024CE0148FC1DA00ED3B6D /* SKDeviceDataReceiver.m */,
				5B2C42C3149387830020A2CD /* Protocols */,
				5BFC371514A342D60062F6E7 /* SKDataSourceDataReceiver.h */,
				5BFC371614A342D60062F6E7 /* SKDataSourceDataReceiver.m */,
				5B64DF6E14D977E800D36647 /* SKEventDataReceiver.h */,
				5B64DF6F14D977E800D36647 /* SKEventDataReceiver.m */,
				5BA9692714E3C17800FAA66D /* SKScenarioDataReceiver.h */,
				5BA9692814E3C17800FAA66D /* SKScenarioDataReceiver.m */,
				5BA9692A14E3C19400FAA66D /* SKSystemSettingDataReceiver.h */,
				5BA9692B14E3C19400FAA66D /* SKSystemSettingDataReceiver.m */,
				5BCA31C214E91F5200052F61 /* SKDataReceiver.h */,
				5BCA31C314E91F5200052F61 /* SKDataReceiver.m */,
				5B71ACE514EAFCB4009352DD /* SKLiveDaysLeftReceiver.h */,
				5B71ACE614EAFCB4009352DD /* SKLiveDaysLeftReceiver.m */,
			);
			name = Communication;
			sourceTree = "<group>";
		};
		5B2C42C3149387830020A2CD /* Protocols */ = {
			isa = PBXGroup;
			children = (
				5B2C42C0149385B50020A2CD /* DataReceivedDelegate.h */,
			);
			name = Protocols;
			sourceTree = "<group>";
		};
		5B2C42C414938F480020A2CD /* Stores */ = {
			isa = PBXGroup;
			children = (
				5B2C42C914938FE60020A2CD /* Protocols */,
				5B2C42C514938F660020A2CD /* EntityStore.h */,
				5B2C42C614938F660020A2CD /* EntityStore.m */,
			);
			name = Stores;
			sourceTree = "<group>";
		};
		5B2C42C914938FE60020A2CD /* Protocols */ = {
			isa = PBXGroup;
			children = (
				5B2C42CA149390150020A2CD /* EntityStoreDelegate.h */,
				5B2C42CB1493903D0020A2CD /* SKDeviceStoreDelegate.h */,
				5BFC371414A335980062F6E7 /* SKDataSourceStoreDelegate.h */,
				5BFC372314A3696D0062F6E7 /* EntityActionRequestDelegate.h */,
				5B64DF7414D979F700D36647 /* SKEventStoreDelegate.h */,
			);
			name = Protocols;
			sourceTree = "<group>";
		};
		5B33272614ADD004002A263A /* NotificationData */ = {
			isa = PBXGroup;
			children = (
				5B33272714ADD02A002A263A /* EntityHttpReqNotificationData.h */,
				5B33272814ADD02A002A263A /* EntityHttpReqNotificationData.m */,
			);
			name = NotificationData;
			sourceTree = "<group>";
		};
		5B396B4D14B39A0D00A590FB /* Helpers */ = {
			isa = PBXGroup;
			children = (
				5B396B4F14B39A3000A590FB /* ImagePathHelper.h */,
				5B396B5014B39A3000A590FB /* ImagePathHelper.m */,
				5B396B5214B3A9B400A590FB /* TextHelper.h */,
				5B396B5314B3A9B400A590FB /* TextHelper.m */,
				5B5D3D8F14D6B537007882E0 /* StateHelper.h */,
				5B5D3D9014D6B537007882E0 /* StateHelper.m */,
			);
			name = Helpers;
			sourceTree = "<group>";
		};
		5B3E30BA14E02A7600AA6517 /* Delegates */ = {
			isa = PBXGroup;
			children = (
				5B3E30BB14E02A9000AA6517 /* SKTabBarControllerDelegate_iPhone.h */,
				5B3E30BC14E02A9000AA6517 /* SKTabBarControllerDelegate_iPhone.m */,
				5BA9693614E42C7200FAA66D /* SKNavigationControllerDelegate_iPhone.h */,
				5BA9693714E42C7300FAA66D /* SKNavigationControllerDelegate_iPhone.m */,
			);
			name = Delegates;
			sourceTree = "<group>";
		};
		5B639C9314963B12002D7F8F /* Resources */ = {
			isa = PBXGroup;
			children = (
				5B8729EB14ED40D100492EB6 /* InfoChime.png */,
				5BCA31BB14E86D3600052F61 /* Tab_Scenario@2x.png */,
				5BCA31BC14E86D3600052F61 /* Tab_Scenario.png */,
				5BECA7DE14E459EA005FA668 /* InfoWarning.png */,
				5BA9691814E339A000FAA66D /* SwipeCancel.png */,
				5BB6257114E309160006E168 /* SwipeOn.png */,
				5BB6257214E309160006E168 /* SwipeOff.png */,
				5BB6255914E3027D0006E168 /* SwipeDimOn.png */,
				5BB6255A14E3027D0006E168 /* SwipeDim90.png */,
				5BB6255B14E3027D0006E168 /* SwipeDim80.png */,
				5BB6255C14E3027D0006E168 /* SwipeDim70.png */,
				5BB6255D14E3027D0006E168 /* SwipeDim60.png */,
				5BB6255E14E3027D0006E168 /* SwipeDim50.png */,
				5BB6255F14E3027D0006E168 /* SwipeDim40.png */,
				5BB6256014E3027D0006E168 /* SwipeDim30.png */,
				5BB6256114E3027D0006E168 /* SwipeDim20.png */,
				5BB6256214E3027D0006E168 /* SwipeDim10.png */,
				5BB6256314E3027D0006E168 /* SwipeDimOff.png */,
				5BB6255214E2D2260006E168 /* Project22.png */,
				5B04A51114DFC87000C8B178 /* EventList_Dim.png */,
				5B04A51214DFC87000C8B178 /* EventList_Off.png */,
				5B04A51314DFC87000C8B178 /* EventList_On.png */,
				5B04A51414DFC87000C8B178 /* EventList_Scenario.png */,
				5BAEB0A114D42EE700F1B2AE /* Button_CancelSemiAuto.png */,
				5BAEB0A214D42EE700F1B2AE /* Button_Learn.png */,
				5BAEB0A314D42EE700F1B2AE /* Button_Synchronize.png */,
				5BAEB0A414D42EE700F1B2AE /* Button_TurnOff.png */,
				5BAEB0A514D42EE700F1B2AE /* Button_TurnOn.png */,
				5BAEB0A614D42EE700F1B2AE /* Slider_Off.png */,
				5BAEB0A714D42EE700F1B2AE /* Slider_On.png */,
				5B38B4CD14CDBC29002A3275 /* Default.png */,
				5B38B4C914CDBB37002A3275 /* Icon.png */,
				5B38B4CA14CDBB37002A3275 /* Icon@2x.png */,
				5BDD4FDB14BE289D000F4975 /* Toolbar_Configuration.png */,
				5BDD4FDC14BE289D000F4975 /* Toolbar_Configuration@2x.png */,
				5B8027ED14A219DD00F3909E /* DataSourceList_StatusError.png */,
				5B8027EE14A219DD00F3909E /* DataSourceList_StatusOK.png */,
				5B8027EF14A219DD00F3909E /* DataSourceList_StatusWarning.png */,
				5B8027F014A219DD00F3909E /* DeviceList_Dim.png */,
				5B8027F114A219DD00F3909E /* DeviceList_DimFrozen.png */,
				5B8027F214A219DD00F3909E /* DeviceList_DimRule.png */,
				5B8027F314A219DD00F3909E /* DeviceList_DimScenario.png */,
				5B8027F414A219DD00F3909E /* DeviceList_DimSemiAuto.png */,
				5B8027F514A219DD00F3909E /* DeviceList_Group.png */,
				5B8027F614A219DD00F3909E /* DeviceList_Off.png */,
				5B8027F714A219DD00F3909E /* DeviceList_OffFrozen.png */,
				5B8027F814A219DD00F3909E /* DeviceList_OffRule.png */,
				5B8027F914A219DD00F3909E /* DeviceList_OffScenario.png */,
				5B8027FA14A219DD00F3909E /* DeviceList_OffSemiAuto.png */,
				5B8027FB14A219DD00F3909E /* DeviceList_On.png */,
				5B8027FC14A219DD00F3909E /* DeviceList_OnFrozen.png */,
				5B8027FD14A219DD00F3909E /* DeviceList_OnRule.png */,
				5B8027FE14A219DD00F3909E /* DeviceList_OnScenario.png */,
				5B8027FF14A219DD00F3909E /* DeviceList_OnSemiAuto.png */,
				5B639CA014964A1B002D7F8F /* Tab_ComingUp.png */,
				5B639CA114964A1B002D7F8F /* Tab_ComingUp@2x.png */,
				5B639CA214964A1B002D7F8F /* Tab_DataSources.png */,
				5B639CA314964A1B002D7F8F /* Tab_DataSources@2x.png */,
				5B639CA414964A1B002D7F8F /* Tab_Devices.png */,
				5B639CA514964A1B002D7F8F /* Tab_Devices@2x.png */,
			);
			name = Resources;
			sourceTree = "<group>";
		};
		5B639CAC14964A99002D7F8F /* ViewControllers */ = {
			isa = PBXGroup;
			children = (
				5BC8BD3C14F8E23500A0AB55 /* QuickActionsModeViewController.h */,
				5BC8BD3D14F8E23500A0AB55 /* QuickActionsModeViewController.m */,
			);
			name = ViewControllers;
			sourceTree = "<group>";
		};
		5BA69E61149B69EA00D663BA /* Classes */ = {
			isa = PBXGroup;
			children = (
			);
			name = Classes;
			sourceTree = "<group>";
		};
		5BA69E62149B6A0600D663BA /* TableCells */ = {
			isa = PBXGroup;
			children = (
				5B09209414C090A000BB9274 /* Settings */,
				5BA69E63149B6AA100D663BA /* SKDeviceGroupStdTableViewCell.h */,
				5BA69E64149B6AA100D663BA /* SKDeviceGroupStdTableViewCell.m */,
				5B8027E9149BAC3800F3909E /* SKDeviceStdTableViewCell.h */,
				5B8027EA149BAC3800F3909E /* SKDeviceStdTableViewCell.m */,
				5B166F3214B9E11F00563CB1 /* SKDeviceBaseStdTableViewCell.h */,
				5B166F3314B9E11F00563CB1 /* SKDeviceBaseStdTableViewCell.m */,
				5B5D3D8314D6A597007882E0 /* SKDataSourceBaseStdTableViewCell.h */,
				5B5D3D8414D6A597007882E0 /* SKDataSourceBaseStdTableViewCell.m */,
				5B5D3D8614D6A6BC007882E0 /* SKDataSourceStdTableViewCell.h */,
				5B5D3D8714D6A6BC007882E0 /* SKDataSourceStdTableViewCell.m */,
				5B5D3D8914D6A6D3007882E0 /* SKDataSourceGroupStdTableViewCell.h */,
				5B5D3D8A14D6A6D3007882E0 /* SKDataSourceGroupStdTableViewCell.m */,
				5B64DF7814D9D6D800D36647 /* SKEventTableViewCell.h */,
				5B64DF7914D9D6D800D36647 /* SKEventTableViewCell.m */,
				5B64DF7B14D9D6F900D36647 /* SKEventBaseStdTableViewCell.h */,
				5B64DF7C14D9D6F900D36647 /* SKEventBaseStdTableViewCell.m */,
				5BA9692D14E3E04600FAA66D /* SKScenarioStdTableViewCell.h */,
				5BA9692E14E3E04600FAA66D /* SKScenarioStdTableViewCell.m */,
			);
			name = TableCells;
			sourceTree = "<group>";
		};
		5BCA31C514E94A5400052F61 /* Views */ = {
			isa = PBXGroup;
			children = (
			);
			name = Views;
			sourceTree = "<group>";
		};
		5BFC370D14A3339E0062F6E7 /* Models */ = {
			isa = PBXGroup;
			children = (
				5B024CCD148FAC7600ED3B6D /* SKDevice.h */,
				5B024CCE148FAC7600ED3B6D /* SKDevice.m */,
				5B2C42CC149390710020A2CD /* SKEntity.h */,
				5B2C42CD149390710020A2CD /* SKEntity.m */,
				5BA69E5D149B43DA00D663BA /* SKDeviceGroup.h */,
				5BA69E5E149B43DA00D663BA /* SKDeviceGroup.m */,
				5BFC370E14A333D10062F6E7 /* SKDataSource.h */,
				5BFC370F14A333D10062F6E7 /* SKDataSource.m */,
				5B5D3D8014D69AC8007882E0 /* SKDataSourceGroup.h */,
				5B5D3D8114D69AC8007882E0 /* SKDataSourceGroup.m */,
				5B64DF6A14D9738B00D36647 /* SKEvent.h */,
				5B64DF6B14D9738B00D36647 /* SKEvent.m */,
				5BA9691B14E3B7CC00FAA66D /* SKSystemSetting.h */,
				5BA9691C14E3B7CC00FAA66D /* SKSystemSetting.m */,
				5BA9692414E3B9CE00FAA66D /* SKScenario.h */,
				5BA9692514E3B9CF00FAA66D /* SKScenario.m */,
				5BCA31BF14E9173D00052F61 /* SKGroupableEntity.h */,
				5BCA31C014E9173D00052F61 /* SKGroupableEntity.m */,
			);
			name = Models;
			sourceTree = "<group>";
		};
		5BFC371B14A35FF00062F6E7 /* RequestGenerators */ = {
			isa = PBXGroup;
			children = (
				5BFC371C14A360090062F6E7 /* EntityRequestGenerator.h */,
				5BFC371D14A360090062F6E7 /* EntityRequestGenerator.m */,
			);
			name = RequestGenerators;
			sourceTree = "<group>";
		};
		5BFC371F14A363560062F6E7 /* Requests */ = {
			isa = PBXGroup;
			children = (
				5BFC372014A363760062F6E7 /* EntityActionRequest.h */,
				5BFC372114A363760062F6E7 /* EntityActionRequest.m */,
			);
			name = Requests;
			sourceTree = "<group>";
		};
/* End PBXGroup section */

/* Begin PBXNativeTarget section */
		5B024CA4148FA6B300ED3B6D /* SK Codebase */ = {
			isa = PBXNativeTarget;
			buildConfigurationList = 5B024CC6148FA6B300ED3B6D /* Build configuration list for PBXNativeTarget "SK Codebase" */;
			buildPhases = (
				5B024CA1148FA6B300ED3B6D /* Sources */,
				5B024CA2148FA6B300ED3B6D /* Frameworks */,
				5B024CA3148FA6B300ED3B6D /* Resources */,
			);
			buildRules = (
			);
			dependencies = (
			);
			name = "SK Codebase";
			productName = "SK Codebase";
			productReference = 5B024CA5148FA6B300ED3B6D /* SK Codebase.app */;
			productType = "com.apple.product-type.application";
		};
/* End PBXNativeTarget section */

/* Begin PBXProject section */
		5B024C9C148FA6B300ED3B6D /* Project object */ = {
			isa = PBXProject;
			attributes = {
				LastUpgradeCheck = 0420;
			};
			buildConfigurationList = 5B024C9F148FA6B300ED3B6D /* Build configuration list for PBXProject "SK Codebase" */;
			compatibilityVersion = "Xcode 3.2";
			developmentRegion = English;
			hasScannedForEncodings = 0;
			knownRegions = (
				en,
				sv,
			);
			mainGroup = 5B024C9A148FA6B300ED3B6D;
			productRefGroup = 5B024CA6148FA6B300ED3B6D /* Products */;
			projectDirPath = "";
			projectRoot = "";
			targets = (
				5B024CA4148FA6B300ED3B6D /* SK Codebase */,
			);
		};
/* End PBXProject section */

/* Begin PBXResourcesBuildPhase section */
		5B024CA3148FA6B300ED3B6D /* Resources */ = {
			isa = PBXResourcesBuildPhase;
			buildActionMask = 2147483647;
			files = (
				5B024CB4148FA6B300ED3B6D /* InfoPlist.strings in Resources */,
				5B024CBD148FA6B300ED3B6D /* MainStoryboard_iPhone.storyboard in Resources */,
				5B024CC0148FA6B300ED3B6D /* MainStoryboard_iPad.storyboard in Resources */,
				5B639CA614964A1B002D7F8F /* Tab_ComingUp.png in Resources */,
				5B639CA714964A1B002D7F8F /* Tab_ComingUp@2x.png in Resources */,
				5B639CA814964A1B002D7F8F /* Tab_DataSources.png in Resources */,
				5B639CA914964A1B002D7F8F /* Tab_DataSources@2x.png in Resources */,
				5B639CAA14964A1B002D7F8F /* Tab_Devices.png in Resources */,
				5B639CAB14964A1B002D7F8F /* Tab_Devices@2x.png in Resources */,
				5B80280014A219DD00F3909E /* DataSourceList_StatusError.png in Resources */,
				5B80280114A219DD00F3909E /* DataSourceList_StatusOK.png in Resources */,
				5B80280214A219DD00F3909E /* DataSourceList_StatusWarning.png in Resources */,
				5B80280314A219DD00F3909E /* DeviceList_Dim.png in Resources */,
				5B80280414A219DD00F3909E /* DeviceList_DimFrozen.png in Resources */,
				5B80280514A219DD00F3909E /* DeviceList_DimRule.png in Resources */,
				5B80280614A219DD00F3909E /* DeviceList_DimScenario.png in Resources */,
				5B80280714A219DD00F3909E /* DeviceList_DimSemiAuto.png in Resources */,
				5B80280814A219DD00F3909E /* DeviceList_Group.png in Resources */,
				5B80280914A219DD00F3909E /* DeviceList_Off.png in Resources */,
				5B80280A14A219DD00F3909E /* DeviceList_OffFrozen.png in Resources */,
				5B80280B14A219DD00F3909E /* DeviceList_OffRule.png in Resources */,
				5B80280C14A219DD00F3909E /* DeviceList_OffScenario.png in Resources */,
				5B80280D14A219DD00F3909E /* DeviceList_OffSemiAuto.png in Resources */,
				5B80280E14A219DD00F3909E /* DeviceList_On.png in Resources */,
				5B80280F14A219DD00F3909E /* DeviceList_OnFrozen.png in Resources */,
				5B80281014A219DD00F3909E /* DeviceList_OnRule.png in Resources */,
				5B80281114A219DD00F3909E /* DeviceList_OnScenario.png in Resources */,
				5B80281214A219DD00F3909E /* DeviceList_OnSemiAuto.png in Resources */,
				5B396B5614B3AF0800A590FB /* Localizable.strings in Resources */,
				5B396B5D14B3AFA100A590FB /* Texts.strings in Resources */,
				5BDD4FDD14BE289D000F4975 /* Toolbar_Configuration.png in Resources */,
				5BDD4FDE14BE289D000F4975 /* Toolbar_Configuration@2x.png in Resources */,
				5B38B4CB14CDBB37002A3275 /* Icon.png in Resources */,
				5B38B4CC14CDBB37002A3275 /* Icon@2x.png in Resources */,
				5B38B4CE14CDBC29002A3275 /* Default.png in Resources */,
				5BAEB0A814D42EE700F1B2AE /* Button_CancelSemiAuto.png in Resources */,
				5BAEB0A914D42EE700F1B2AE /* Button_Learn.png in Resources */,
				5BAEB0AA14D42EE700F1B2AE /* Button_Synchronize.png in Resources */,
				5BAEB0AB14D42EE700F1B2AE /* Button_TurnOff.png in Resources */,
				5BAEB0AC14D42EE700F1B2AE /* Button_TurnOn.png in Resources */,
				5BAEB0AD14D42EE700F1B2AE /* Slider_Off.png in Resources */,
				5BAEB0AE14D42EE700F1B2AE /* Slider_On.png in Resources */,
				5B04A51514DFC87000C8B178 /* EventList_Dim.png in Resources */,
				5B04A51614DFC87000C8B178 /* EventList_Off.png in Resources */,
				5B04A51714DFC87000C8B178 /* EventList_On.png in Resources */,
				5B04A51814DFC87000C8B178 /* EventList_Scenario.png in Resources */,
				5B5D412F14E004DC00759648 /* SwipeInfoViewController.xib in Resources */,
				5BB6255314E2D2260006E168 /* Project22.png in Resources */,
				5BB6256614E3027D0006E168 /* SwipeDimOn.png in Resources */,
				5BB6256714E3027D0006E168 /* SwipeDim90.png in Resources */,
				5BB6256814E3027D0006E168 /* SwipeDim80.png in Resources */,
				5BB6256914E3027D0006E168 /* SwipeDim70.png in Resources */,
				5BB6256A14E3027D0006E168 /* SwipeDim60.png in Resources */,
				5BB6256B14E3027D0006E168 /* SwipeDim50.png in Resources */,
				5BB6256C14E3027D0006E168 /* SwipeDim40.png in Resources */,
				5BB6256D14E3027D0006E168 /* SwipeDim30.png in Resources */,
				5BB6256E14E3027D0006E168 /* SwipeDim20.png in Resources */,
				5BB6256F14E3027D0006E168 /* SwipeDim10.png in Resources */,
				5BB6257014E3027D0006E168 /* SwipeDimOff.png in Resources */,
				5BB6257314E309170006E168 /* SwipeOn.png in Resources */,
				5BB6257414E309170006E168 /* SwipeOff.png in Resources */,
				5BA9691914E339A000FAA66D /* SwipeCancel.png in Resources */,
				5BA9693D14E4521000FAA66D /* AlertMessageView.xib in Resources */,
				5BECA7DF14E459EA005FA668 /* InfoWarning.png in Resources */,
				5BCA31BD14E86D3600052F61 /* Tab_Scenario@2x.png in Resources */,
				5BCA31BE14E86D3600052F61 /* Tab_Scenario.png in Resources */,
				5B8729EC14ED40D100492EB6 /* InfoChime.png in Resources */,
			);
			runOnlyForDeploymentPostprocessing = 0;
		};
/* End PBXResourcesBuildPhase section */

/* Begin PBXSourcesBuildPhase section */
		5B024CA1148FA6B300ED3B6D /* Sources */ = {
			isa = PBXSourcesBuildPhase;
			buildActionMask = 2147483647;
			files = (
				5B024CB6148FA6B300ED3B6D /* main.m in Sources */,
				5B024CBA148FA6B300ED3B6D /* AppDelegate.m in Sources */,
				5B024CCB148FA6F100ED3B6D /* CommunicationBase.m in Sources */,
				5B024CCF148FAC7600ED3B6D /* SKDevice.m in Sources */,
				5B024CD2148FB02700ED3B6D /* AuthenticationDataContainer.m in Sources */,
				5B024CD7148FB54200ED3B6D /* XMLSKDeviceParser.m in Sources */,
				5B024CE1148FC1DA00ED3B6D /* SKDeviceDataReceiver.m in Sources */,
				5B2C42C714938F660020A2CD /* EntityStore.m in Sources */,
				5B2C42CE149390710020A2CD /* SKEntity.m in Sources */,
				5B639CB214964E2A002D7F8F /* DeviceListViewController.m in Sources */,
				5BA69E5F149B43DA00D663BA /* SKDeviceGroup.m in Sources */,
				5BA69E65149B6AA100D663BA /* SKDeviceGroupStdTableViewCell.m in Sources */,
				5B8027EB149BAC3800F3909E /* SKDeviceStdTableViewCell.m in Sources */,
				5BFC370914A31C600062F6E7 /* CommunicationMgr.m in Sources */,
				5BFC370C14A324F30062F6E7 /* SettingsMgr.m in Sources */,
				5BFC371014A333D10062F6E7 /* SKDataSource.m in Sources */,
				5BFC371314A334BC0062F6E7 /* XMLSKDataSourceParser.m in Sources */,
				5BFC371714A342D60062F6E7 /* SKDataSourceDataReceiver.m in Sources */,
				5BFC371E14A360090062F6E7 /* EntityRequestGenerator.m in Sources */,
				5BFC372214A363760062F6E7 /* EntityActionRequest.m in Sources */,
				5B33272414ADB575002A263A /* GTMNSString+HTML.m in Sources */,
				5B33272514ADB575002A263A /* NSString+HTML.m in Sources */,
				5B33272914ADD02A002A263A /* EntityHttpReqNotificationData.m in Sources */,
				5B396B5114B39A3000A590FB /* ImagePathHelper.m in Sources */,
				5B396B5414B3A9B400A590FB /* TextHelper.m in Sources */,
				5B166F3414B9E11F00563CB1 /* SKDeviceBaseStdTableViewCell.m in Sources */,
				5B09208F14C07DA200BB9274 /* SettingsListViewController_iPhone.m in Sources */,
				5B09209714C090D100BB9274 /* UrlSettingStdTableViewCell.m in Sources */,
				5B09209A14C091BD00BB9274 /* NumericSettingStdTableViewCell.m in Sources */,
				5B09209D14C0922B00BB9274 /* SwitchSettingStdTableViewCell.m in Sources */,
				5B0920A014C0954500BB9274 /* ServerSettingsListViewController_iPhone.m in Sources */,
				5B0920A314C0C74D00BB9274 /* TextSettingStdTableViewCell.m in Sources */,
				5B0920A614C0C7B200BB9274 /* PasswordSettingStdTableViewCell.m in Sources */,
				5B38B4C114CD9407002A3275 /* MaxUpcomingEventsListViewController.m in Sources */,
				5B38B4C514CD942B002A3275 /* RefreshIntervalListViewController.m in Sources */,
				5B38B4C814CD944A002A3275 /* RefreshAfterCommandListViewController.m in Sources */,
				5BAEB0B514D4302100F1B2AE /* DeviceDetailController_iPhone.m in Sources */,
				5B5D3D7E14D6952F007882E0 /* DataSourceListViewController_iPhone.m in Sources */,
				5B5D3D8214D69AC8007882E0 /* SKDataSourceGroup.m in Sources */,
				5B5D3D8514D6A597007882E0 /* SKDataSourceBaseStdTableViewCell.m in Sources */,
				5B5D3D8814D6A6BC007882E0 /* SKDataSourceStdTableViewCell.m in Sources */,
				5B5D3D8B14D6A6D3007882E0 /* SKDataSourceGroupStdTableViewCell.m in Sources */,
				5B5D3D8E14D6A8A0007882E0 /* DataSourceDetailController_iPhone.m in Sources */,
				5B5D3D9114D6B538007882E0 /* StateHelper.m in Sources */,
				5B64DF6C14D9738B00D36647 /* SKEvent.m in Sources */,
				5B64DF7014D977E800D36647 /* SKEventDataReceiver.m in Sources */,
				5B64DF7314D9784000D36647 /* XMLSKEventParser.m in Sources */,
				5B64DF7714D9D47B00D36647 /* EventListViewController_iPhone.m in Sources */,
				5B64DF7A14D9D6D800D36647 /* SKEventTableViewCell.m in Sources */,
				5B64DF7D14D9D6FA00D36647 /* SKEventBaseStdTableViewCell.m in Sources */,
				5B5D412E14E004DC00759648 /* SwipeInfoViewController.m in Sources */,
				5B3E30BD14E02A9000AA6517 /* SKTabBarControllerDelegate_iPhone.m in Sources */,
				5BB6255014E2C2EC0006E168 /* SquareView.m in Sources */,
				5BA9691D14E3B7CC00FAA66D /* SKSystemSetting.m in Sources */,
				5BA9692014E3B86800FAA66D /* XMLSKSystemSettingParser.m in Sources */,
				5BA9692314E3B99700FAA66D /* XMLSKScenarioParser.m in Sources */,
				5BA9692614E3B9CF00FAA66D /* SKScenario.m in Sources */,
				5BA9692914E3C17800FAA66D /* SKScenarioDataReceiver.m in Sources */,
				5BA9692C14E3C19400FAA66D /* SKSystemSettingDataReceiver.m in Sources */,
				5BA9692F14E3E04600FAA66D /* SKScenarioStdTableViewCell.m in Sources */,
				5BA9693514E3F6EA00FAA66D /* ScenarioListViewController_iPhone.m in Sources */,
				5BA9693814E42C7300FAA66D /* SKNavigationControllerDelegate_iPhone.m in Sources */,
				5BA9694014E453D000FAA66D /* AlertMessageView.m in Sources */,
				5BCA31C114E9173D00052F61 /* SKGroupableEntity.m in Sources */,
				5BCA31C414E91F5200052F61 /* SKDataReceiver.m in Sources */,
				5BEC819E14E99F31006BA682 /* Base64Enc.m in Sources */,
				5B71ACE414EAFA1F009352DD /* XMLSKLiveDaysLeftParser.m in Sources */,
				5B71ACE714EAFCB4009352DD /* SKLiveDaysLeftReceiver.m in Sources */,
				5BC8BD3E14F8E23500A0AB55 /* QuickActionsModeViewController.m in Sources */,
			);
			runOnlyForDeploymentPostprocessing = 0;
		};
/* End PBXSourcesBuildPhase section */

/* Begin PBXVariantGroup section */
		5B024CB2148FA6B300ED3B6D /* InfoPlist.strings */ = {
			isa = PBXVariantGroup;
			children = (
				5B024CB3148FA6B300ED3B6D /* en */,
			);
			name = InfoPlist.strings;
			sourceTree = "<group>";
		};
		5B024CBB148FA6B300ED3B6D /* MainStoryboard_iPhone.storyboard */ = {
			isa = PBXVariantGroup;
			children = (
				5B024CBC148FA6B300ED3B6D /* en */,
			);
			name = MainStoryboard_iPhone.storyboard;
			sourceTree = "<group>";
		};
		5B024CBE148FA6B300ED3B6D /* MainStoryboard_iPad.storyboard */ = {
			isa = PBXVariantGroup;
			children = (
				5B024CBF148FA6B300ED3B6D /* en */,
			);
			name = MainStoryboard_iPad.storyboard;
			sourceTree = "<group>";
		};
		5B396B5F14B3AFA100A590FB /* Texts.strings */ = {
			isa = PBXVariantGroup;
			children = (
				5B396B5E14B3AFA100A590FB /* en */,
				5B396B6014B3AFCD00A590FB /* sv */,
			);
			name = Texts.strings;
			sourceTree = "<group>";
		};
/* End PBXVariantGroup section */

/* Begin XCBuildConfiguration section */
		5B024CC4148FA6B300ED3B6D /* Debug */ = {
			isa = XCBuildConfiguration;
			buildSettings = {
				ALWAYS_SEARCH_USER_PATHS = NO;
				ARCHS = "$(ARCHS_STANDARD_32_BIT)";
				CLANG_ENABLE_OBJC_ARC = YES;
				CODE_SIGN_IDENTITY = "iPhone Developer";
				"CODE_SIGN_IDENTITY[sdk=iphoneos*]" = "iPhone Developer";
				COPY_PHASE_STRIP = NO;
				GCC_C_LANGUAGE_STANDARD = gnu99;
				GCC_DYNAMIC_NO_PIC = NO;
				GCC_OPTIMIZATION_LEVEL = 0;
				GCC_PREPROCESSOR_DEFINITIONS = (
					"DEBUG=1",
					"$(inherited)",
				);
				GCC_SYMBOLS_PRIVATE_EXTERN = NO;
				GCC_VERSION = com.apple.compilers.llvm.clang.1_0;
				GCC_WARN_ABOUT_MISSING_PROTOTYPES = YES;
				GCC_WARN_ABOUT_RETURN_TYPE = YES;
				GCC_WARN_UNUSED_VARIABLE = YES;
				IPHONEOS_DEPLOYMENT_TARGET = 5.0;
				PROVISIONING_PROFILE = "";
				"PROVISIONING_PROFILE[sdk=iphoneos*]" = "";
				SDKROOT = iphoneos;
				TARGETED_DEVICE_FAMILY = "1,2";
			};
			name = Debug;
		};
		5B024CC5148FA6B300ED3B6D /* Release */ = {
			isa = XCBuildConfiguration;
			buildSettings = {
				ALWAYS_SEARCH_USER_PATHS = NO;
				ARCHS = "$(ARCHS_STANDARD_32_BIT)";
				CLANG_ENABLE_OBJC_ARC = YES;
				CODE_SIGN_IDENTITY = "";
				"CODE_SIGN_IDENTITY[sdk=iphoneos*]" = "";
				COPY_PHASE_STRIP = YES;
				GCC_C_LANGUAGE_STANDARD = gnu99;
				GCC_VERSION = com.apple.compilers.llvm.clang.1_0;
				GCC_WARN_ABOUT_MISSING_PROTOTYPES = YES;
				GCC_WARN_ABOUT_RETURN_TYPE = YES;
				GCC_WARN_UNUSED_VARIABLE = YES;
				IPHONEOS_DEPLOYMENT_TARGET = 5.0;
				OTHER_CFLAGS = "-DNS_BLOCK_ASSERTIONS=1";
				SDKROOT = iphoneos;
				TARGETED_DEVICE_FAMILY = "1,2";
				VALIDATE_PRODUCT = YES;
			};
			name = Release;
		};
		5B024CC7148FA6B300ED3B6D /* Debug */ = {
			isa = XCBuildConfiguration;
			buildSettings = {
				GCC_PRECOMPILE_PREFIX_HEADER = YES;
				GCC_PREFIX_HEADER = "SK Codebase/SK Codebase-Prefix.pch";
				INFOPLIST_FILE = "SK Codebase/SK Codebase-Info.plist";
				IPHONEOS_DEPLOYMENT_TARGET = 5.0;
				PRODUCT_NAME = "$(TARGET_NAME)";
				TARGETED_DEVICE_FAMILY = "1,2";
				WRAPPER_EXTENSION = app;
			};
			name = Debug;
		};
		5B024CC8148FA6B300ED3B6D /* Release */ = {
			isa = XCBuildConfiguration;
			buildSettings = {
				GCC_PRECOMPILE_PREFIX_HEADER = YES;
				GCC_PREFIX_HEADER = "SK Codebase/SK Codebase-Prefix.pch";
				INFOPLIST_FILE = "SK Codebase/SK Codebase-Info.plist";
				IPHONEOS_DEPLOYMENT_TARGET = 5.0;
				PRODUCT_NAME = "$(TARGET_NAME)";
				TARGETED_DEVICE_FAMILY = "1,2";
				WRAPPER_EXTENSION = app;
			};
			name = Release;
		};
		5BBA448614CDF7410024F771 /* Distribution */ = {
			isa = XCBuildConfiguration;
			buildSettings = {
				ALWAYS_SEARCH_USER_PATHS = NO;
				ARCHS = "$(ARCHS_STANDARD_32_BIT)";
				CLANG_ENABLE_OBJC_ARC = YES;
				CODE_SIGN_IDENTITY = "iPhone Developer: Martin Videfors (NL4RMD9423)";
				"CODE_SIGN_IDENTITY[sdk=*]" = "iPhone Developer: Martin Videfors (NL4RMD9423)";
				COPY_PHASE_STRIP = YES;
				GCC_C_LANGUAGE_STANDARD = gnu99;
				GCC_VERSION = com.apple.compilers.llvm.clang.1_0;
				GCC_WARN_ABOUT_MISSING_PROTOTYPES = YES;
				GCC_WARN_ABOUT_RETURN_TYPE = YES;
				GCC_WARN_UNUSED_VARIABLE = YES;
				IPHONEOS_DEPLOYMENT_TARGET = 5.0;
				OTHER_CFLAGS = "-DNS_BLOCK_ASSERTIONS=1";
				PROVISIONING_PROFILE = "5C6D4C2A-1EDE-47DF-8782-68BA2FFA73F3";
				"PROVISIONING_PROFILE[sdk=*]" = "5C6D4C2A-1EDE-47DF-8782-68BA2FFA73F3";
				SDKROOT = iphoneos;
				TARGETED_DEVICE_FAMILY = "1,2";
				VALIDATE_PRODUCT = YES;
			};
			name = Distribution;
		};
		5BBA448714CDF7410024F771 /* Distribution */ = {
			isa = XCBuildConfiguration;
			buildSettings = {
				"CODE_SIGN_IDENTITY[sdk=*]" = "iPhone Developer: Martin Videfors (NL4RMD9423)";
				GCC_PRECOMPILE_PREFIX_HEADER = YES;
				GCC_PREFIX_HEADER = "SK Codebase/SK Codebase-Prefix.pch";
				INFOPLIST_FILE = "SK Codebase/SK Codebase-Info.plist";
				IPHONEOS_DEPLOYMENT_TARGET = 5.0;
				PRODUCT_NAME = "$(TARGET_NAME)";
				TARGETED_DEVICE_FAMILY = "1,2";
				WRAPPER_EXTENSION = app;
			};
			name = Distribution;
		};
/* End XCBuildConfiguration section */

/* Begin XCConfigurationList section */
		5B024C9F148FA6B300ED3B6D /* Build configuration list for PBXProject "SK Codebase" */ = {
			isa = XCConfigurationList;
			buildConfigurations = (
				5B024CC4148FA6B300ED3B6D /* Debug */,
				5B024CC5148FA6B300ED3B6D /* Release */,
				5BBA448614CDF7410024F771 /* Distribution */,
			);
			defaultConfigurationIsVisible = 0;
			defaultConfigurationName = Release;
		};
		5B024CC6148FA6B300ED3B6D /* Build configuration list for PBXNativeTarget "SK Codebase" */ = {
			isa = XCConfigurationList;
			buildConfigurations = (
				5B024CC7148FA6B300ED3B6D /* Debug */,
				5B024CC8148FA6B300ED3B6D /* Release */,
				5BBA448714CDF7410024F771 /* Distribution */,
			);
			defaultConfigurationIsVisible = 0;
			defaultConfigurationName = Release;
		};
/* End XCConfigurationList section */
	};
	rootObject = 5B024C9C148FA6B300ED3B6D /* Project object */;
}
